// !$*UTF8*$!
{
	archiveVersion = 1;
	classes = {
	};
	objectVersion = 46;
	objects = {

/* Begin PBXBuildFile section */
		588034DA1B0248DD0033E004 /* KZWindow.m in Sources */ = {isa = PBXBuildFile; fileRef = 588034D91B0248DD0033E004 /* KZWindow.m */; };
		588034DD1B024B1C0033E004 /* KZFilter.m in Sources */ = {isa = PBXBuildFile; fileRef = 588034DC1B024B1C0033E004 /* KZFilter.m */; };
		58ACE4141B0F0FBD00F1B50B /* 1a_dies.caf in Resources */ = {isa = PBXBuildFile; fileRef = 58ACE40D1B0F0FBD00F1B50B /* 1a_dies.caf */; };
		58ACE4151B0F0FBD00F1B50B /* 2a_dies.caf in Resources */ = {isa = PBXBuildFile; fileRef = 58ACE40E1B0F0FBD00F1B50B /* 2a_dies.caf */; };
		58ACE4161B0F0FBD00F1B50B /* 3a_dies.caf in Resources */ = {isa = PBXBuildFile; fileRef = 58ACE40F1B0F0FBD00F1B50B /* 3a_dies.caf */; };
		58ACE4171B0F0FBD00F1B50B /* 4g.caf in Resources */ = {isa = PBXBuildFile; fileRef = 58ACE4101B0F0FBD00F1B50B /* 4g.caf */; };
		58ACE4181B0F0FBD00F1B50B /* 5e.caf in Resources */ = {isa = PBXBuildFile; fileRef = 58ACE4111B0F0FBD00F1B50B /* 5e.caf */; };
		58ACE4531B0F2C7300F1B50B /* KZKeyboardManager.m in Sources */ = {isa = PBXBuildFile; fileRef = 58ACE4521B0F2C7300F1B50B /* KZKeyboardManager.m */; };
		58CC0C2E1B02691100D31642 /* KZRainbow.m in Sources */ = {isa = PBXBuildFile; fileRef = 58CC0C2D1B02691100D31642 /* KZRainbow.m */; };
		58CC0C311B026A4100D31642 /* KZButterfly.m in Sources */ = {isa = PBXBuildFile; fileRef = 58CC0C301B026A4100D31642 /* KZButterfly.m */; };
		58CC0C371B028CC800D31642 /* KZFFTHelper.m in Sources */ = {isa = PBXBuildFile; fileRef = 58CC0C361B028CC800D31642 /* KZFFTHelper.m */; };
		58D1C8BD1B1491BF00794C9C /* QuartzCore.framework in Frameworks */ = {isa = PBXBuildFile; fileRef = 58D1C8BC1B1491BF00794C9C /* QuartzCore.framework */; };
		58D1C8C81B1491D900794C9C /* PianoKey.m in Sources */ = {isa = PBXBuildFile; fileRef = 58D1C8BF1B1491D900794C9C /* PianoKey.m */; };
		58D1C8C91B1491D900794C9C /* PianoKeyBlack.m in Sources */ = {isa = PBXBuildFile; fileRef = 58D1C8C11B1491D900794C9C /* PianoKeyBlack.m */; };
		58D1C8CA1B1491D900794C9C /* PianoKeyWhite.m in Sources */ = {isa = PBXBuildFile; fileRef = 58D1C8C31B1491D900794C9C /* PianoKeyWhite.m */; };
		58D1C8CB1B1491D900794C9C /* PianoView.m in Sources */ = {isa = PBXBuildFile; fileRef = 58D1C8C51B1491D900794C9C /* PianoView.m */; };
		58D1C8CC1B1491D900794C9C /* UITouch+PianoKey.m in Sources */ = {isa = PBXBuildFile; fileRef = 58D1C8C71B1491D900794C9C /* UITouch+PianoKey.m */; };
		58DAD5531B0E259B00DF31A2 /* EPSSampler.m in Sources */ = {isa = PBXBuildFile; fileRef = 58DAD5521B0E259B00DF31A2 /* EPSSampler.m */; };
		58E598651B16221900A8FAD0 /* KZNoteRecorder.m in Sources */ = {isa = PBXBuildFile; fileRef = 58E598641B16221900A8FAD0 /* KZNoteRecorder.m */; };
		58E7C4161B15BB3B00EA21F7 /* KZInstrumentSelectionView.m in Sources */ = {isa = PBXBuildFile; fileRef = 58E7C4151B15BB3B00EA21F7 /* KZInstrumentSelectionView.m */; };
		58E7C4241B15D52C00EA21F7 /* accordeon.aupreset in Resources */ = {isa = PBXBuildFile; fileRef = 58E7C41D1B15D52C00EA21F7 /* accordeon.aupreset */; };
		58E7C4251B15D52C00EA21F7 /* acoustic_guitar.aupreset in Resources */ = {isa = PBXBuildFile; fileRef = 58E7C41E1B15D52C00EA21F7 /* acoustic_guitar.aupreset */; };
		58E7C4261B15D52C00EA21F7 /* cello.aupreset in Resources */ = {isa = PBXBuildFile; fileRef = 58E7C41F1B15D52C00EA21F7 /* cello.aupreset */; };
		58E7C4271B15D52C00EA21F7 /* church_organ.aupreset in Resources */ = {isa = PBXBuildFile; fileRef = 58E7C4201B15D52C00EA21F7 /* church_organ.aupreset */; };
		58E7C4281B15D52C00EA21F7 /* flute.aupreset in Resources */ = {isa = PBXBuildFile; fileRef = 58E7C4211B15D52C00EA21F7 /* flute.aupreset */; };
		58E7C4291B15D52C00EA21F7 /* piano.aupreset in Resources */ = {isa = PBXBuildFile; fileRef = 58E7C4221B15D52C00EA21F7 /* piano.aupreset */; };
		58E7C42A1B15D52C00EA21F7 /* tenor_sax.aupreset in Resources */ = {isa = PBXBuildFile; fileRef = 58E7C4231B15D52C00EA21F7 /* tenor_sax.aupreset */; };
		58E7C42C1B15D57400EA21F7 /* Trombone.aupreset in Resources */ = {isa = PBXBuildFile; fileRef = 58E7C42B1B15D57400EA21F7 /* Trombone.aupreset */; };
		58EF77BF1B14C59800CB8469 /* UIButton+Custom.m in Sources */ = {isa = PBXBuildFile; fileRef = 58EF77BE1B14C59800CB8469 /* UIButton+Custom.m */; };
		58EF77DD1B14CBB900CB8469 /* ACCORDEON@2x.png in Resources */ = {isa = PBXBuildFile; fileRef = 58EF77C21B14CBB900CB8469 /* ACCORDEON@2x.png */; };
		58EF77DE1B14CBB900CB8469 /* ACCORDEON_ACTIVE@2x.png in Resources */ = {isa = PBXBuildFile; fileRef = 58EF77C31B14CBB900CB8469 /* ACCORDEON_ACTIVE@2x.png */; };
		58EF77DF1B14CBB900CB8469 /* ACOUSTIC_GUITAR@2x.png in Resources */ = {isa = PBXBuildFile; fileRef = 58EF77C41B14CBB900CB8469 /* ACOUSTIC_GUITAR@2x.png */; };
		58EF77E01B14CBB900CB8469 /* ACOUSTIC_GUITAR_ACTIVE@2x.png in Resources */ = {isa = PBXBuildFile; fileRef = 58EF77C51B14CBB900CB8469 /* ACOUSTIC_GUITAR_ACTIVE@2x.png */; };
		58EF77E11B14CBB900CB8469 /* CELLO@2x.png in Resources */ = {isa = PBXBuildFile; fileRef = 58EF77C61B14CBB900CB8469 /* CELLO@2x.png */; };
		58EF77E21B14CBB900CB8469 /* CELLO_ACTIVE@2x.png in Resources */ = {isa = PBXBuildFile; fileRef = 58EF77C71B14CBB900CB8469 /* CELLO_ACTIVE@2x.png */; };
		58EF77E31B14CBB900CB8469 /* CHURCH_ORGAN@2x.png in Resources */ = {isa = PBXBuildFile; fileRef = 58EF77C81B14CBB900CB8469 /* CHURCH_ORGAN@2x.png */; };
		58EF77E41B14CBB900CB8469 /* CHURCH_ORGAN_ACTIVE@2x.png in Resources */ = {isa = PBXBuildFile; fileRef = 58EF77C91B14CBB900CB8469 /* CHURCH_ORGAN_ACTIVE@2x.png */; };
		58EF77E51B14CBB900CB8469 /* ELECTRIC_GUITAR@2x.png in Resources */ = {isa = PBXBuildFile; fileRef = 58EF77CA1B14CBB900CB8469 /* ELECTRIC_GUITAR@2x.png */; };
		58EF77E61B14CBB900CB8469 /* ELECTRIC_GUITAR_ACTIVE@2x.png in Resources */ = {isa = PBXBuildFile; fileRef = 58EF77CB1B14CBB900CB8469 /* ELECTRIC_GUITAR_ACTIVE@2x.png */; };
		58EF77E71B14CBB900CB8469 /* FLUTE@2x.png in Resources */ = {isa = PBXBuildFile; fileRef = 58EF77CC1B14CBB900CB8469 /* FLUTE@2x.png */; };
		58EF77E81B14CBB900CB8469 /* FLUTE_ACTIVE@2x.png in Resources */ = {isa = PBXBuildFile; fileRef = 58EF77CD1B14CBB900CB8469 /* FLUTE_ACTIVE@2x.png */; };
		58EF77E91B14CBB900CB8469 /* imgInstrumActive@2x.png in Resources */ = {isa = PBXBuildFile; fileRef = 58EF77CE1B14CBB900CB8469 /* imgInstrumActive@2x.png */; };
		58EF77EA1B14CBB900CB8469 /* PIANO@2x.png in Resources */ = {isa = PBXBuildFile; fileRef = 58EF77CF1B14CBB900CB8469 /* PIANO@2x.png */; };
		58EF77EB1B14CBB900CB8469 /* PIANO_ACTIVE@2x.png in Resources */ = {isa = PBXBuildFile; fileRef = 58EF77D01B14CBB900CB8469 /* PIANO_ACTIVE@2x.png */; };
		58EF77EC1B14CBB900CB8469 /* STRING1@2x.png in Resources */ = {isa = PBXBuildFile; fileRef = 58EF77D11B14CBB900CB8469 /* STRING1@2x.png */; };
		58EF77ED1B14CBB900CB8469 /* STRING1_ACTIVE@2x.png in Resources */ = {isa = PBXBuildFile; fileRef = 58EF77D21B14CBB900CB8469 /* STRING1_ACTIVE@2x.png */; };
		58EF77EE1B14CBB900CB8469 /* STRING2@2x.png in Resources */ = {isa = PBXBuildFile; fileRef = 58EF77D31B14CBB900CB8469 /* STRING2@2x.png */; };
		58EF77EF1B14CBB900CB8469 /* STRING2_ACTIVE@2x.png in Resources */ = {isa = PBXBuildFile; fileRef = 58EF77D41B14CBB900CB8469 /* STRING2_ACTIVE@2x.png */; };
		58EF77F01B14CBB900CB8469 /* TENOR_SAX@2x.png in Resources */ = {isa = PBXBuildFile; fileRef = 58EF77D51B14CBB900CB8469 /* TENOR_SAX@2x.png */; };
		58EF77F11B14CBB900CB8469 /* TENOR_SAX_ACTIVE@2x.png in Resources */ = {isa = PBXBuildFile; fileRef = 58EF77D61B14CBB900CB8469 /* TENOR_SAX_ACTIVE@2x.png */; };
		58EF77F21B14CBB900CB8469 /* TRUMPET_1@2x.png in Resources */ = {isa = PBXBuildFile; fileRef = 58EF77D71B14CBB900CB8469 /* TRUMPET_1@2x.png */; };
		58EF77F31B14CBB900CB8469 /* TRUMPET_1_ACTIVE@2x.png in Resources */ = {isa = PBXBuildFile; fileRef = 58EF77D81B14CBB900CB8469 /* TRUMPET_1_ACTIVE@2x.png */; };
		58EF77F41B14CBB900CB8469 /* TRUMPET_2@2x.png in Resources */ = {isa = PBXBuildFile; fileRef = 58EF77D91B14CBB900CB8469 /* TRUMPET_2@2x.png */; };
		58EF77F51B14CBB900CB8469 /* TRUMPET_2_ACTIVE@2x.png in Resources */ = {isa = PBXBuildFile; fileRef = 58EF77DA1B14CBB900CB8469 /* TRUMPET_2_ACTIVE@2x.png */; };
		58EF77F61B14CBB900CB8469 /* VIOLIN@2x.png in Resources */ = {isa = PBXBuildFile; fileRef = 58EF77DB1B14CBB900CB8469 /* VIOLIN@2x.png */; };
		58EF77F71B14CBB900CB8469 /* VIOLIN_ACTIVE@2x.png in Resources */ = {isa = PBXBuildFile; fileRef = 58EF77DC1B14CBB900CB8469 /* VIOLIN_ACTIVE@2x.png */; };
		58EF77FA1B14D37B00CB8469 /* KZInstrumentsHelper.m in Sources */ = {isa = PBXBuildFile; fileRef = 58EF77F91B14D37B00CB8469 /* KZInstrumentsHelper.m */; };
		58EF77FD1B14E91000CB8469 /* KZDesign.m in Sources */ = {isa = PBXBuildFile; fileRef = 58EF77FC1B14E91000CB8469 /* KZDesign.m */; };
		5DC4DF9C1ABAB8F300C21071 /* KZSettingsView.xib in Resources */ = {isa = PBXBuildFile; fileRef = 5DC4DF9B1ABAB8F300C21071 /* KZSettingsView.xib */; };
		5DC4DFA01ABB153F00C21071 /* KZPianoSlider.m in Sources */ = {isa = PBXBuildFile; fileRef = 5DC4DF9F1ABB153F00C21071 /* KZPianoSlider.m */; };
		5DC83D651AC980E400124BB0 /* KZTextAlert.m in Sources */ = {isa = PBXBuildFile; fileRef = 5DC83D641AC980E400124BB0 /* KZTextAlert.m */; };
		5DC83D671AC9811300124BB0 /* KZTextAlert.xib in Resources */ = {isa = PBXBuildFile; fileRef = 5DC83D661AC9811300124BB0 /* KZTextAlert.xib */; };
		5DC8D0C31AC5433C00315372 /* KZLockView.m in Sources */ = {isa = PBXBuildFile; fileRef = 5DC8D0C21AC5433C00315372 /* KZLockView.m */; };
		5DC8D0C81AC570F700315372 /* KZMenuViewController.m in Sources */ = {isa = PBXBuildFile; fileRef = 5DC8D0C61AC570F700315372 /* KZMenuViewController.m */; };
		5DC8D0C91AC570F700315372 /* KZMenuViewController.xib in Resources */ = {isa = PBXBuildFile; fileRef = 5DC8D0C71AC570F700315372 /* KZMenuViewController.xib */; };
		5DCC83EB1ACA787400A7BEFC /* KZSoundHendlingViewController.m in Sources */ = {isa = PBXBuildFile; fileRef = 5DCC83E91ACA787400A7BEFC /* KZSoundHendlingViewController.m */; };
		5DCC83EC1ACA787400A7BEFC /* KZSoundHendlingViewController.xib in Resources */ = {isa = PBXBuildFile; fileRef = 5DCC83EA1ACA787400A7BEFC /* KZSoundHendlingViewController.xib */; };
		5DCECA521AB9C9AB002CDCB1 /* Accelerate.framework in Frameworks */ = {isa = PBXBuildFile; fileRef = 5DCECA511AB9C9AB002CDCB1 /* Accelerate.framework */; };
		5DCECA541AB9C9D6002CDCB1 /* CoreFoundation.framework in Frameworks */ = {isa = PBXBuildFile; fileRef = 5DCECA531AB9C9D6002CDCB1 /* CoreFoundation.framework */; };
		5DD4FD4F1AC3FAF700BAF31E /* KZFileManager.m in Sources */ = {isa = PBXBuildFile; fileRef = 5DD4FD4E1AC3FAF700BAF31E /* KZFileManager.m */; };
		5DD4FD7B1AC409FC00BAF31E /* GLKit.framework in Frameworks */ = {isa = PBXBuildFile; fileRef = 5DD4FD7A1AC409FC00BAF31E /* GLKit.framework */; };
		5DD4FDC21AC4214800BAF31E /* AEFloatConverter.m in Sources */ = {isa = PBXBuildFile; fileRef = 5DD4FDA81AC4214700BAF31E /* AEFloatConverter.m */; };
		5DD4FDC31AC4214800BAF31E /* EZAudio.m in Sources */ = {isa = PBXBuildFile; fileRef = 5DD4FDAA1AC4214700BAF31E /* EZAudio.m */; };
		5DD4FDC41AC4214800BAF31E /* EZAudioFile.m in Sources */ = {isa = PBXBuildFile; fileRef = 5DD4FDAC1AC4214700BAF31E /* EZAudioFile.m */; };
		5DD4FDC51AC4214800BAF31E /* EZAudioPlayer.m in Sources */ = {isa = PBXBuildFile; fileRef = 5DD4FDAE1AC4214700BAF31E /* EZAudioPlayer.m */; };
		5DD4FDC61AC4214800BAF31E /* EZAudioPlot.m in Sources */ = {isa = PBXBuildFile; fileRef = 5DD4FDB01AC4214700BAF31E /* EZAudioPlot.m */; };
		5DD4FDC71AC4214800BAF31E /* EZAudioPlotGL.m in Sources */ = {isa = PBXBuildFile; fileRef = 5DD4FDB21AC4214700BAF31E /* EZAudioPlotGL.m */; };
		5DD4FDC81AC4214800BAF31E /* EZAudioPlotGLKViewController.m in Sources */ = {isa = PBXBuildFile; fileRef = 5DD4FDB41AC4214700BAF31E /* EZAudioPlotGLKViewController.m */; };
		5DD4FDC91AC4214800BAF31E /* EZMicrophone.m in Sources */ = {isa = PBXBuildFile; fileRef = 5DD4FDB61AC4214700BAF31E /* EZMicrophone.m */; };
		5DD4FDCA1AC4214800BAF31E /* EZOutput.m in Sources */ = {isa = PBXBuildFile; fileRef = 5DD4FDB81AC4214700BAF31E /* EZOutput.m */; };
		5DD4FDCB1AC4214800BAF31E /* EZPlot.m in Sources */ = {isa = PBXBuildFile; fileRef = 5DD4FDBA1AC4214700BAF31E /* EZPlot.m */; };
		5DD4FDCC1AC4214800BAF31E /* EZRecorder.m in Sources */ = {isa = PBXBuildFile; fileRef = 5DD4FDBC1AC4214700BAF31E /* EZRecorder.m */; };
		5DD4FDCD1AC4214800BAF31E /* TPCircularBuffer.c in Sources */ = {isa = PBXBuildFile; fileRef = 5DD4FDBD1AC4214700BAF31E /* TPCircularBuffer.c */; };
		5DD4FDCE1AC4214800BAF31E /* CHANGELOG in Resources */ = {isa = PBXBuildFile; fileRef = 5DD4FDC01AC4214800BAF31E /* CHANGELOG */; };
		5DD4FDCF1AC4214800BAF31E /* VERSION in Resources */ = {isa = PBXBuildFile; fileRef = 5DD4FDC11AC4214800BAF31E /* VERSION */; };
		5DD4FE2D1AC4266C00BAF31E /* OpenGLES.framework in Frameworks */ = {isa = PBXBuildFile; fileRef = 5DD4FE2C1AC4266C00BAF31E /* OpenGLES.framework */; };
		5DD4FE341AC464B800BAF31E /* pause_btn.png in Resources */ = {isa = PBXBuildFile; fileRef = 5DD4FE311AC464B800BAF31E /* pause_btn.png */; };
		5DD4FE351AC464B800BAF31E /* play_btn.png in Resources */ = {isa = PBXBuildFile; fileRef = 5DD4FE321AC464B800BAF31E /* play_btn.png */; };
		5DD4FE361AC464B800BAF31E /* record_btn.png in Resources */ = {isa = PBXBuildFile; fileRef = 5DD4FE331AC464B800BAF31E /* record_btn.png */; };
		5DD4FE381AC4664E00BAF31E /* stop_btn.png in Resources */ = {isa = PBXBuildFile; fileRef = 5DD4FE371AC4664E00BAF31E /* stop_btn.png */; };
		5DD4FE3A1AC467B100BAF31E /* goon_btn.png in Resources */ = {isa = PBXBuildFile; fileRef = 5DD4FE391AC467B100BAF31E /* goon_btn.png */; };
		63922F4F17BAC14500040730 /* Bayan_key_black_active.png in Resources */ = {isa = PBXBuildFile; fileRef = 63922F4B17BAC14500040730 /* Bayan_key_black_active.png */; };
		63922F5017BAC14500040730 /* Bayan_key_black.png in Resources */ = {isa = PBXBuildFile; fileRef = 63922F4C17BAC14500040730 /* Bayan_key_black.png */; };
		63922F5117BAC14500040730 /* Bayan_key_white_active.png in Resources */ = {isa = PBXBuildFile; fileRef = 63922F4D17BAC14500040730 /* Bayan_key_white_active.png */; };
		63922F5217BAC14500040730 /* Bayan_key_white.png in Resources */ = {isa = PBXBuildFile; fileRef = 63922F4E17BAC14500040730 /* Bayan_key_white.png */; };
		63946FFA17B45B2800EADDD0 /* Black_key_active.png in Resources */ = {isa = PBXBuildFile; fileRef = 63946FF417B45B2800EADDD0 /* Black_key_active.png */; };
		63946FFB17B45B2800EADDD0 /* Black_key.png in Resources */ = {isa = PBXBuildFile; fileRef = 63946FF517B45B2800EADDD0 /* Black_key.png */; };
		63946FFC17B45B2800EADDD0 /* White_key_active.png in Resources */ = {isa = PBXBuildFile; fileRef = 63946FF617B45B2800EADDD0 /* White_key_active.png */; };
		63946FFD17B45B2800EADDD0 /* White_key.png in Resources */ = {isa = PBXBuildFile; fileRef = 63946FF717B45B2800EADDD0 /* White_key.png */; };
		84ABFC041A12B6BE00B6F95D /* Common.c in Sources */ = {isa = PBXBuildFile; fileRef = 84ABFC021A12B6BE00B6F95D /* Common.c */; };
		84ABFC061A12C14E00B6F95D /* KZSound.m in Sources */ = {isa = PBXBuildFile; fileRef = 84ABFC051A12C14E00B6F95D /* KZSound.m */; };
		C3864CF817AD179500050EB5 /* UIKit.framework in Frameworks */ = {isa = PBXBuildFile; fileRef = C3864CF717AD179500050EB5 /* UIKit.framework */; };
		C3864CFA17AD179500050EB5 /* Foundation.framework in Frameworks */ = {isa = PBXBuildFile; fileRef = C3864CF917AD179500050EB5 /* Foundation.framework */; };
		C3864CFC17AD179500050EB5 /* CoreGraphics.framework in Frameworks */ = {isa = PBXBuildFile; fileRef = C3864CFB17AD179500050EB5 /* CoreGraphics.framework */; };
		C3864D0217AD179500050EB5 /* InfoPlist.strings in Resources */ = {isa = PBXBuildFile; fileRef = C3864D0017AD179500050EB5 /* InfoPlist.strings */; };
		C3864D0417AD179500050EB5 /* main.m in Sources */ = {isa = PBXBuildFile; fileRef = C3864D0317AD179500050EB5 /* main.m */; };
		C3864D0817AD179500050EB5 /* KZAppDelegate.m in Sources */ = {isa = PBXBuildFile; fileRef = C3864D0717AD179500050EB5 /* KZAppDelegate.m */; };
		C3864D0A17AD179500050EB5 /* Default.png in Resources */ = {isa = PBXBuildFile; fileRef = C3864D0917AD179500050EB5 /* Default.png */; };
		C3864D0C17AD179500050EB5 /* Default@2x.png in Resources */ = {isa = PBXBuildFile; fileRef = C3864D0B17AD179500050EB5 /* Default@2x.png */; };
		C3864D0E17AD179500050EB5 /* Default-568h@2x.png in Resources */ = {isa = PBXBuildFile; fileRef = C3864D0D17AD179500050EB5 /* Default-568h@2x.png */; };
		C3864D1117AD179500050EB5 /* KZViewController.m in Sources */ = {isa = PBXBuildFile; fileRef = C3864D1017AD179500050EB5 /* KZViewController.m */; };
		C3864D1417AD179500050EB5 /* KZViewController.xib in Resources */ = {isa = PBXBuildFile; fileRef = C3864D1217AD179500050EB5 /* KZViewController.xib */; };
		C3864D3517AD1D8100050EB5 /* KZSettingsView.m in Sources */ = {isa = PBXBuildFile; fileRef = C3864D3417AD1D8100050EB5 /* KZSettingsView.m */; };
		C3864D4D17AD4C1000050EB5 /* AudioToolbox.framework in Frameworks */ = {isa = PBXBuildFile; fileRef = C3864D4C17AD4C1000050EB5 /* AudioToolbox.framework */; };
		C3864D4F17AD4C4C00050EB5 /* AVFoundation.framework in Frameworks */ = {isa = PBXBuildFile; fileRef = C3864D4E17AD4C4B00050EB5 /* AVFoundation.framework */; };
		CEC377B51ABC9A4600EE0CEA /* KZStaveView.m in Sources */ = {isa = PBXBuildFile; fileRef = CEC377B41ABC9A4600EE0CEA /* KZStaveView.m */; };
		CECDFEBE1AB05C150062ECBB /* KZRecordViewController.m in Sources */ = {isa = PBXBuildFile; fileRef = CECDFEBC1AB05C150062ECBB /* KZRecordViewController.m */; };
		CECDFEBF1AB05C150062ECBB /* KZRecordViewController.xib in Resources */ = {isa = PBXBuildFile; fileRef = CECDFEBD1AB05C150062ECBB /* KZRecordViewController.xib */; };
		CECDFEC31AB05E9A0062ECBB /* CoreAudio.framework in Frameworks */ = {isa = PBXBuildFile; fileRef = CECDFEC21AB05E9A0062ECBB /* CoreAudio.framework */; };
		CED037B91AC70CE8006D8BD5 /* KZRecordNavigationViewController.m in Sources */ = {isa = PBXBuildFile; fileRef = CED037B71AC70CE8006D8BD5 /* KZRecordNavigationViewController.m */; };
		CED037BA1AC70CE8006D8BD5 /* KZRecordNavigationViewController.xib in Resources */ = {isa = PBXBuildFile; fileRef = CED037B81AC70CE8006D8BD5 /* KZRecordNavigationViewController.xib */; };
		CED037BE1AC719CA006D8BD5 /* KZSongsListViewController.m in Sources */ = {isa = PBXBuildFile; fileRef = CED037BC1AC719CA006D8BD5 /* KZSongsListViewController.m */; };
		CED037BF1AC719CA006D8BD5 /* KZSongsListViewController.xib in Resources */ = {isa = PBXBuildFile; fileRef = CED037BD1AC719CA006D8BD5 /* KZSongsListViewController.xib */; };
		CED037C31AC71C4F006D8BD5 /* KZAboutViewController.m in Sources */ = {isa = PBXBuildFile; fileRef = CED037C11AC71C4F006D8BD5 /* KZAboutViewController.m */; };
		CED037C41AC71C4F006D8BD5 /* KZAboutViewController.xib in Resources */ = {isa = PBXBuildFile; fileRef = CED037C21AC71C4F006D8BD5 /* KZAboutViewController.xib */; };
/* End PBXBuildFile section */

/* Begin PBXFileReference section */
		588034D81B0248DD0033E004 /* KZWindow.h */ = {isa = PBXFileReference; fileEncoding = 4; lastKnownFileType = sourcecode.c.h; path = KZWindow.h; sourceTree = "<group>"; };
		588034D91B0248DD0033E004 /* KZWindow.m */ = {isa = PBXFileReference; fileEncoding = 4; lastKnownFileType = sourcecode.c.objc; path = KZWindow.m; sourceTree = "<group>"; };
		588034DB1B024B1C0033E004 /* KZFilter.h */ = {isa = PBXFileReference; fileEncoding = 4; lastKnownFileType = sourcecode.c.h; path = KZFilter.h; sourceTree = "<group>"; };
		588034DC1B024B1C0033E004 /* KZFilter.m */ = {isa = PBXFileReference; fileEncoding = 4; lastKnownFileType = sourcecode.c.objc; path = KZFilter.m; sourceTree = "<group>"; };
		58ACE40D1B0F0FBD00F1B50B /* 1a_dies.caf */ = {isa = PBXFileReference; lastKnownFileType = file; path = 1a_dies.caf; sourceTree = "<group>"; };
		58ACE40E1B0F0FBD00F1B50B /* 2a_dies.caf */ = {isa = PBXFileReference; lastKnownFileType = file; path = 2a_dies.caf; sourceTree = "<group>"; };
		58ACE40F1B0F0FBD00F1B50B /* 3a_dies.caf */ = {isa = PBXFileReference; lastKnownFileType = file; path = 3a_dies.caf; sourceTree = "<group>"; };
		58ACE4101B0F0FBD00F1B50B /* 4g.caf */ = {isa = PBXFileReference; lastKnownFileType = file; path = 4g.caf; sourceTree = "<group>"; };
		58ACE4111B0F0FBD00F1B50B /* 5e.caf */ = {isa = PBXFileReference; lastKnownFileType = file; path = 5e.caf; sourceTree = "<group>"; };
		58ACE4511B0F2C7300F1B50B /* KZKeyboardManager.h */ = {isa = PBXFileReference; fileEncoding = 4; lastKnownFileType = sourcecode.c.h; name = KZKeyboardManager.h; path = Keyboards/KZKeyboardManager.h; sourceTree = "<group>"; };
		58ACE4521B0F2C7300F1B50B /* KZKeyboardManager.m */ = {isa = PBXFileReference; fileEncoding = 4; lastKnownFileType = sourcecode.c.objc; name = KZKeyboardManager.m; path = Keyboards/KZKeyboardManager.m; sourceTree = "<group>"; };
		58CC0C2C1B02691100D31642 /* KZRainbow.h */ = {isa = PBXFileReference; fileEncoding = 4; lastKnownFileType = sourcecode.c.h; path = KZRainbow.h; sourceTree = "<group>"; };
		58CC0C2D1B02691100D31642 /* KZRainbow.m */ = {isa = PBXFileReference; fileEncoding = 4; lastKnownFileType = sourcecode.c.objc; path = KZRainbow.m; sourceTree = "<group>"; };
		58CC0C2F1B026A4100D31642 /* KZButterfly.h */ = {isa = PBXFileReference; fileEncoding = 4; lastKnownFileType = sourcecode.c.h; path = KZButterfly.h; sourceTree = "<group>"; };
		58CC0C301B026A4100D31642 /* KZButterfly.m */ = {isa = PBXFileReference; fileEncoding = 4; lastKnownFileType = sourcecode.c.objc; path = KZButterfly.m; sourceTree = "<group>"; };
		58CC0C351B028CC800D31642 /* KZFFTHelper.h */ = {isa = PBXFileReference; fileEncoding = 4; lastKnownFileType = sourcecode.c.h; path = KZFFTHelper.h; sourceTree = "<group>"; };
		58CC0C361B028CC800D31642 /* KZFFTHelper.m */ = {isa = PBXFileReference; fileEncoding = 4; lastKnownFileType = sourcecode.c.objc; path = KZFFTHelper.m; sourceTree = "<group>"; };
		58D1C8BC1B1491BF00794C9C /* QuartzCore.framework */ = {isa = PBXFileReference; lastKnownFileType = wrapper.framework; name = QuartzCore.framework; path = System/Library/Frameworks/QuartzCore.framework; sourceTree = SDKROOT; };
		58D1C8BE1B1491D900794C9C /* PianoKey.h */ = {isa = PBXFileReference; fileEncoding = 4; lastKnownFileType = sourcecode.c.h; name = PianoKey.h; path = Utils/PianoKey.h; sourceTree = "<group>"; };
		58D1C8BF1B1491D900794C9C /* PianoKey.m */ = {isa = PBXFileReference; fileEncoding = 4; lastKnownFileType = sourcecode.c.objc; name = PianoKey.m; path = Utils/PianoKey.m; sourceTree = "<group>"; };
		58D1C8C01B1491D900794C9C /* PianoKeyBlack.h */ = {isa = PBXFileReference; fileEncoding = 4; lastKnownFileType = sourcecode.c.h; name = PianoKeyBlack.h; path = Utils/PianoKeyBlack.h; sourceTree = "<group>"; };
		58D1C8C11B1491D900794C9C /* PianoKeyBlack.m */ = {isa = PBXFileReference; fileEncoding = 4; lastKnownFileType = sourcecode.c.objc; name = PianoKeyBlack.m; path = Utils/PianoKeyBlack.m; sourceTree = "<group>"; };
		58D1C8C21B1491D900794C9C /* PianoKeyWhite.h */ = {isa = PBXFileReference; fileEncoding = 4; lastKnownFileType = sourcecode.c.h; name = PianoKeyWhite.h; path = Utils/PianoKeyWhite.h; sourceTree = "<group>"; };
		58D1C8C31B1491D900794C9C /* PianoKeyWhite.m */ = {isa = PBXFileReference; fileEncoding = 4; lastKnownFileType = sourcecode.c.objc; name = PianoKeyWhite.m; path = Utils/PianoKeyWhite.m; sourceTree = "<group>"; };
		58D1C8C41B1491D900794C9C /* PianoView.h */ = {isa = PBXFileReference; fileEncoding = 4; lastKnownFileType = sourcecode.c.h; name = PianoView.h; path = Utils/PianoView.h; sourceTree = "<group>"; };
		58D1C8C51B1491D900794C9C /* PianoView.m */ = {isa = PBXFileReference; fileEncoding = 4; lastKnownFileType = sourcecode.c.objc; name = PianoView.m; path = Utils/PianoView.m; sourceTree = "<group>"; };
		58D1C8C61B1491D900794C9C /* UITouch+PianoKey.h */ = {isa = PBXFileReference; fileEncoding = 4; lastKnownFileType = sourcecode.c.h; name = "UITouch+PianoKey.h"; path = "Utils/UITouch+PianoKey.h"; sourceTree = "<group>"; };
		58D1C8C71B1491D900794C9C /* UITouch+PianoKey.m */ = {isa = PBXFileReference; fileEncoding = 4; lastKnownFileType = sourcecode.c.objc; name = "UITouch+PianoKey.m"; path = "Utils/UITouch+PianoKey.m"; sourceTree = "<group>"; };
		58DAD5511B0E259B00DF31A2 /* EPSSampler.h */ = {isa = PBXFileReference; fileEncoding = 4; lastKnownFileType = sourcecode.c.h; path = EPSSampler.h; sourceTree = "<group>"; };
		58DAD5521B0E259B00DF31A2 /* EPSSampler.m */ = {isa = PBXFileReference; fileEncoding = 4; lastKnownFileType = sourcecode.c.objc; path = EPSSampler.m; sourceTree = "<group>"; };
		58E598631B16221900A8FAD0 /* KZNoteRecorder.h */ = {isa = PBXFileReference; fileEncoding = 4; lastKnownFileType = sourcecode.c.h; path = KZNoteRecorder.h; sourceTree = "<group>"; };
		58E598641B16221900A8FAD0 /* KZNoteRecorder.m */ = {isa = PBXFileReference; fileEncoding = 4; lastKnownFileType = sourcecode.c.objc; path = KZNoteRecorder.m; sourceTree = "<group>"; };
		58E7C4141B15BB3B00EA21F7 /* KZInstrumentSelectionView.h */ = {isa = PBXFileReference; fileEncoding = 4; lastKnownFileType = sourcecode.c.h; path = KZInstrumentSelectionView.h; sourceTree = "<group>"; };
		58E7C4151B15BB3B00EA21F7 /* KZInstrumentSelectionView.m */ = {isa = PBXFileReference; fileEncoding = 4; lastKnownFileType = sourcecode.c.objc; path = KZInstrumentSelectionView.m; sourceTree = "<group>"; };
		58E7C41D1B15D52C00EA21F7 /* accordeon.aupreset */ = {isa = PBXFileReference; fileEncoding = 4; lastKnownFileType = text.xml; path = accordeon.aupreset; sourceTree = "<group>"; };
		58E7C41E1B15D52C00EA21F7 /* acoustic_guitar.aupreset */ = {isa = PBXFileReference; fileEncoding = 4; lastKnownFileType = text.xml; path = acoustic_guitar.aupreset; sourceTree = "<group>"; };
		58E7C41F1B15D52C00EA21F7 /* cello.aupreset */ = {isa = PBXFileReference; fileEncoding = 4; lastKnownFileType = text.xml; path = cello.aupreset; sourceTree = "<group>"; };
		58E7C4201B15D52C00EA21F7 /* church_organ.aupreset */ = {isa = PBXFileReference; fileEncoding = 4; lastKnownFileType = text.xml; path = church_organ.aupreset; sourceTree = "<group>"; };
		58E7C4211B15D52C00EA21F7 /* flute.aupreset */ = {isa = PBXFileReference; fileEncoding = 4; lastKnownFileType = text.xml; path = flute.aupreset; sourceTree = "<group>"; };
		58E7C4221B15D52C00EA21F7 /* piano.aupreset */ = {isa = PBXFileReference; fileEncoding = 4; lastKnownFileType = text.xml; path = piano.aupreset; sourceTree = "<group>"; };
		58E7C4231B15D52C00EA21F7 /* tenor_sax.aupreset */ = {isa = PBXFileReference; fileEncoding = 4; lastKnownFileType = text.xml; path = tenor_sax.aupreset; sourceTree = "<group>"; };
		58E7C42B1B15D57400EA21F7 /* Trombone.aupreset */ = {isa = PBXFileReference; fileEncoding = 4; lastKnownFileType = text.xml; path = Trombone.aupreset; sourceTree = "<group>"; };
		58EF77BD1B14C59800CB8469 /* UIButton+Custom.h */ = {isa = PBXFileReference; fileEncoding = 4; lastKnownFileType = sourcecode.c.h; name = "UIButton+Custom.h"; path = "Categories/UIButton+Custom.h"; sourceTree = "<group>"; };
		58EF77BE1B14C59800CB8469 /* UIButton+Custom.m */ = {isa = PBXFileReference; fileEncoding = 4; lastKnownFileType = sourcecode.c.objc; name = "UIButton+Custom.m"; path = "Categories/UIButton+Custom.m"; sourceTree = "<group>"; };
		58EF77C21B14CBB900CB8469 /* ACCORDEON@2x.png */ = {isa = PBXFileReference; lastKnownFileType = image.png; path = "ACCORDEON@2x.png"; sourceTree = "<group>"; };
		58EF77C31B14CBB900CB8469 /* ACCORDEON_ACTIVE@2x.png */ = {isa = PBXFileReference; lastKnownFileType = image.png; path = "ACCORDEON_ACTIVE@2x.png"; sourceTree = "<group>"; };
		58EF77C41B14CBB900CB8469 /* ACOUSTIC_GUITAR@2x.png */ = {isa = PBXFileReference; lastKnownFileType = image.png; path = "ACOUSTIC_GUITAR@2x.png"; sourceTree = "<group>"; };
		58EF77C51B14CBB900CB8469 /* ACOUSTIC_GUITAR_ACTIVE@2x.png */ = {isa = PBXFileReference; lastKnownFileType = image.png; path = "ACOUSTIC_GUITAR_ACTIVE@2x.png"; sourceTree = "<group>"; };
		58EF77C61B14CBB900CB8469 /* CELLO@2x.png */ = {isa = PBXFileReference; lastKnownFileType = image.png; path = "CELLO@2x.png"; sourceTree = "<group>"; };
		58EF77C71B14CBB900CB8469 /* CELLO_ACTIVE@2x.png */ = {isa = PBXFileReference; lastKnownFileType = image.png; path = "CELLO_ACTIVE@2x.png"; sourceTree = "<group>"; };
		58EF77C81B14CBB900CB8469 /* CHURCH_ORGAN@2x.png */ = {isa = PBXFileReference; lastKnownFileType = image.png; path = "CHURCH_ORGAN@2x.png"; sourceTree = "<group>"; };
		58EF77C91B14CBB900CB8469 /* CHURCH_ORGAN_ACTIVE@2x.png */ = {isa = PBXFileReference; lastKnownFileType = image.png; path = "CHURCH_ORGAN_ACTIVE@2x.png"; sourceTree = "<group>"; };
		58EF77CA1B14CBB900CB8469 /* ELECTRIC_GUITAR@2x.png */ = {isa = PBXFileReference; lastKnownFileType = image.png; path = "ELECTRIC_GUITAR@2x.png"; sourceTree = "<group>"; };
		58EF77CB1B14CBB900CB8469 /* ELECTRIC_GUITAR_ACTIVE@2x.png */ = {isa = PBXFileReference; lastKnownFileType = image.png; path = "ELECTRIC_GUITAR_ACTIVE@2x.png"; sourceTree = "<group>"; };
		58EF77CC1B14CBB900CB8469 /* FLUTE@2x.png */ = {isa = PBXFileReference; lastKnownFileType = image.png; path = "FLUTE@2x.png"; sourceTree = "<group>"; };
		58EF77CD1B14CBB900CB8469 /* FLUTE_ACTIVE@2x.png */ = {isa = PBXFileReference; lastKnownFileType = image.png; path = "FLUTE_ACTIVE@2x.png"; sourceTree = "<group>"; };
		58EF77CE1B14CBB900CB8469 /* imgInstrumActive@2x.png */ = {isa = PBXFileReference; lastKnownFileType = image.png; path = "imgInstrumActive@2x.png"; sourceTree = "<group>"; };
		58EF77CF1B14CBB900CB8469 /* PIANO@2x.png */ = {isa = PBXFileReference; lastKnownFileType = image.png; path = "PIANO@2x.png"; sourceTree = "<group>"; };
		58EF77D01B14CBB900CB8469 /* PIANO_ACTIVE@2x.png */ = {isa = PBXFileReference; lastKnownFileType = image.png; path = "PIANO_ACTIVE@2x.png"; sourceTree = "<group>"; };
		58EF77D11B14CBB900CB8469 /* STRING1@2x.png */ = {isa = PBXFileReference; lastKnownFileType = image.png; path = "STRING1@2x.png"; sourceTree = "<group>"; };
		58EF77D21B14CBB900CB8469 /* STRING1_ACTIVE@2x.png */ = {isa = PBXFileReference; lastKnownFileType = image.png; path = "STRING1_ACTIVE@2x.png"; sourceTree = "<group>"; };
		58EF77D31B14CBB900CB8469 /* STRING2@2x.png */ = {isa = PBXFileReference; lastKnownFileType = image.png; path = "STRING2@2x.png"; sourceTree = "<group>"; };
		58EF77D41B14CBB900CB8469 /* STRING2_ACTIVE@2x.png */ = {isa = PBXFileReference; lastKnownFileType = image.png; path = "STRING2_ACTIVE@2x.png"; sourceTree = "<group>"; };
		58EF77D51B14CBB900CB8469 /* TENOR_SAX@2x.png */ = {isa = PBXFileReference; lastKnownFileType = image.png; path = "TENOR_SAX@2x.png"; sourceTree = "<group>"; };
		58EF77D61B14CBB900CB8469 /* TENOR_SAX_ACTIVE@2x.png */ = {isa = PBXFileReference; lastKnownFileType = image.png; path = "TENOR_SAX_ACTIVE@2x.png"; sourceTree = "<group>"; };
		58EF77D71B14CBB900CB8469 /* TRUMPET_1@2x.png */ = {isa = PBXFileReference; lastKnownFileType = image.png; path = "TRUMPET_1@2x.png"; sourceTree = "<group>"; };
		58EF77D81B14CBB900CB8469 /* TRUMPET_1_ACTIVE@2x.png */ = {isa = PBXFileReference; lastKnownFileType = image.png; path = "TRUMPET_1_ACTIVE@2x.png"; sourceTree = "<group>"; };
		58EF77D91B14CBB900CB8469 /* TRUMPET_2@2x.png */ = {isa = PBXFileReference; lastKnownFileType = image.png; path = "TRUMPET_2@2x.png"; sourceTree = "<group>"; };
		58EF77DA1B14CBB900CB8469 /* TRUMPET_2_ACTIVE@2x.png */ = {isa = PBXFileReference; lastKnownFileType = image.png; path = "TRUMPET_2_ACTIVE@2x.png"; sourceTree = "<group>"; };
		58EF77DB1B14CBB900CB8469 /* VIOLIN@2x.png */ = {isa = PBXFileReference; lastKnownFileType = image.png; path = "VIOLIN@2x.png"; sourceTree = "<group>"; };
		58EF77DC1B14CBB900CB8469 /* VIOLIN_ACTIVE@2x.png */ = {isa = PBXFileReference; lastKnownFileType = image.png; path = "VIOLIN_ACTIVE@2x.png"; sourceTree = "<group>"; };
		58EF77F81B14D37B00CB8469 /* KZInstrumentsHelper.h */ = {isa = PBXFileReference; fileEncoding = 4; lastKnownFileType = sourcecode.c.h; path = KZInstrumentsHelper.h; sourceTree = "<group>"; };
		58EF77F91B14D37B00CB8469 /* KZInstrumentsHelper.m */ = {isa = PBXFileReference; fileEncoding = 4; lastKnownFileType = sourcecode.c.objc; path = KZInstrumentsHelper.m; sourceTree = "<group>"; };
		58EF77FB1B14E91000CB8469 /* KZDesign.h */ = {isa = PBXFileReference; fileEncoding = 4; lastKnownFileType = sourcecode.c.h; path = KZDesign.h; sourceTree = "<group>"; };
		58EF77FC1B14E91000CB8469 /* KZDesign.m */ = {isa = PBXFileReference; fileEncoding = 4; lastKnownFileType = sourcecode.c.objc; path = KZDesign.m; sourceTree = "<group>"; };
		5DC4DF9B1ABAB8F300C21071 /* KZSettingsView.xib */ = {isa = PBXFileReference; fileEncoding = 4; lastKnownFileType = file.xib; name = KZSettingsView.xib; path = Settings/KZSettingsView.xib; sourceTree = "<group>"; };
		5DC4DF9E1ABB153F00C21071 /* KZPianoSlider.h */ = {isa = PBXFileReference; fileEncoding = 4; lastKnownFileType = sourcecode.c.h; name = KZPianoSlider.h; path = Utils/KZPianoSlider.h; sourceTree = "<group>"; };
		5DC4DF9F1ABB153F00C21071 /* KZPianoSlider.m */ = {isa = PBXFileReference; fileEncoding = 4; lastKnownFileType = sourcecode.c.objc; name = KZPianoSlider.m; path = Utils/KZPianoSlider.m; sourceTree = "<group>"; };
		5DC83D631AC980E400124BB0 /* KZTextAlert.h */ = {isa = PBXFileReference; fileEncoding = 4; lastKnownFileType = sourcecode.c.h; name = KZTextAlert.h; path = Custom/KZTextAlert.h; sourceTree = "<group>"; };
		5DC83D641AC980E400124BB0 /* KZTextAlert.m */ = {isa = PBXFileReference; fileEncoding = 4; lastKnownFileType = sourcecode.c.objc; name = KZTextAlert.m; path = Custom/KZTextAlert.m; sourceTree = "<group>"; };
		5DC83D661AC9811300124BB0 /* KZTextAlert.xib */ = {isa = PBXFileReference; fileEncoding = 4; lastKnownFileType = file.xib; path = KZTextAlert.xib; sourceTree = "<group>"; };
		5DC8D0C11AC5433C00315372 /* KZLockView.h */ = {isa = PBXFileReference; fileEncoding = 4; lastKnownFileType = sourcecode.c.h; path = KZLockView.h; sourceTree = "<group>"; };
		5DC8D0C21AC5433C00315372 /* KZLockView.m */ = {isa = PBXFileReference; fileEncoding = 4; lastKnownFileType = sourcecode.c.objc; path = KZLockView.m; sourceTree = "<group>"; };
		5DC8D0C51AC570F700315372 /* KZMenuViewController.h */ = {isa = PBXFileReference; fileEncoding = 4; lastKnownFileType = sourcecode.c.h; path = KZMenuViewController.h; sourceTree = "<group>"; };
		5DC8D0C61AC570F700315372 /* KZMenuViewController.m */ = {isa = PBXFileReference; fileEncoding = 4; lastKnownFileType = sourcecode.c.objc; path = KZMenuViewController.m; sourceTree = "<group>"; };
		5DC8D0C71AC570F700315372 /* KZMenuViewController.xib */ = {isa = PBXFileReference; fileEncoding = 4; lastKnownFileType = file.xib; path = KZMenuViewController.xib; sourceTree = "<group>"; };
		5DCC83E81ACA787400A7BEFC /* KZSoundHendlingViewController.h */ = {isa = PBXFileReference; fileEncoding = 4; lastKnownFileType = sourcecode.c.h; path = KZSoundHendlingViewController.h; sourceTree = "<group>"; };
		5DCC83E91ACA787400A7BEFC /* KZSoundHendlingViewController.m */ = {isa = PBXFileReference; fileEncoding = 4; lastKnownFileType = sourcecode.c.objc; path = KZSoundHendlingViewController.m; sourceTree = "<group>"; };
		5DCC83EA1ACA787400A7BEFC /* KZSoundHendlingViewController.xib */ = {isa = PBXFileReference; fileEncoding = 4; lastKnownFileType = file.xib; path = KZSoundHendlingViewController.xib; sourceTree = "<group>"; };
		5DCECA511AB9C9AB002CDCB1 /* Accelerate.framework */ = {isa = PBXFileReference; lastKnownFileType = wrapper.framework; name = Accelerate.framework; path = System/Library/Frameworks/Accelerate.framework; sourceTree = SDKROOT; };
		5DCECA531AB9C9D6002CDCB1 /* CoreFoundation.framework */ = {isa = PBXFileReference; lastKnownFileType = wrapper.framework; name = CoreFoundation.framework; path = System/Library/Frameworks/CoreFoundation.framework; sourceTree = SDKROOT; };
		5DD4FD4D1AC3FAF700BAF31E /* KZFileManager.h */ = {isa = PBXFileReference; fileEncoding = 4; lastKnownFileType = sourcecode.c.h; path = KZFileManager.h; sourceTree = "<group>"; };
		5DD4FD4E1AC3FAF700BAF31E /* KZFileManager.m */ = {isa = PBXFileReference; fileEncoding = 4; lastKnownFileType = sourcecode.c.objc; path = KZFileManager.m; sourceTree = "<group>"; };
		5DD4FD7A1AC409FC00BAF31E /* GLKit.framework */ = {isa = PBXFileReference; lastKnownFileType = wrapper.framework; name = GLKit.framework; path = System/Library/Frameworks/GLKit.framework; sourceTree = SDKROOT; };
		5DD4FDA71AC4214700BAF31E /* AEFloatConverter.h */ = {isa = PBXFileReference; fileEncoding = 4; lastKnownFileType = sourcecode.c.h; path = AEFloatConverter.h; sourceTree = "<group>"; };
		5DD4FDA81AC4214700BAF31E /* AEFloatConverter.m */ = {isa = PBXFileReference; fileEncoding = 4; lastKnownFileType = sourcecode.c.objc; path = AEFloatConverter.m; sourceTree = "<group>"; };
		5DD4FDA91AC4214700BAF31E /* EZAudio.h */ = {isa = PBXFileReference; fileEncoding = 4; lastKnownFileType = sourcecode.c.h; path = EZAudio.h; sourceTree = "<group>"; };
		5DD4FDAA1AC4214700BAF31E /* EZAudio.m */ = {isa = PBXFileReference; fileEncoding = 4; lastKnownFileType = sourcecode.c.objc; path = EZAudio.m; sourceTree = "<group>"; };
		5DD4FDAB1AC4214700BAF31E /* EZAudioFile.h */ = {isa = PBXFileReference; fileEncoding = 4; lastKnownFileType = sourcecode.c.h; path = EZAudioFile.h; sourceTree = "<group>"; };
		5DD4FDAC1AC4214700BAF31E /* EZAudioFile.m */ = {isa = PBXFileReference; fileEncoding = 4; lastKnownFileType = sourcecode.c.objc; path = EZAudioFile.m; sourceTree = "<group>"; };
		5DD4FDAD1AC4214700BAF31E /* EZAudioPlayer.h */ = {isa = PBXFileReference; fileEncoding = 4; lastKnownFileType = sourcecode.c.h; path = EZAudioPlayer.h; sourceTree = "<group>"; };
		5DD4FDAE1AC4214700BAF31E /* EZAudioPlayer.m */ = {isa = PBXFileReference; fileEncoding = 4; lastKnownFileType = sourcecode.c.objc; path = EZAudioPlayer.m; sourceTree = "<group>"; };
		5DD4FDAF1AC4214700BAF31E /* EZAudioPlot.h */ = {isa = PBXFileReference; fileEncoding = 4; lastKnownFileType = sourcecode.c.h; path = EZAudioPlot.h; sourceTree = "<group>"; };
		5DD4FDB01AC4214700BAF31E /* EZAudioPlot.m */ = {isa = PBXFileReference; fileEncoding = 4; lastKnownFileType = sourcecode.c.objc; path = EZAudioPlot.m; sourceTree = "<group>"; };
		5DD4FDB11AC4214700BAF31E /* EZAudioPlotGL.h */ = {isa = PBXFileReference; fileEncoding = 4; lastKnownFileType = sourcecode.c.h; path = EZAudioPlotGL.h; sourceTree = "<group>"; };
		5DD4FDB21AC4214700BAF31E /* EZAudioPlotGL.m */ = {isa = PBXFileReference; fileEncoding = 4; lastKnownFileType = sourcecode.c.objc; path = EZAudioPlotGL.m; sourceTree = "<group>"; };
		5DD4FDB31AC4214700BAF31E /* EZAudioPlotGLKViewController.h */ = {isa = PBXFileReference; fileEncoding = 4; lastKnownFileType = sourcecode.c.h; path = EZAudioPlotGLKViewController.h; sourceTree = "<group>"; };
		5DD4FDB41AC4214700BAF31E /* EZAudioPlotGLKViewController.m */ = {isa = PBXFileReference; fileEncoding = 4; lastKnownFileType = sourcecode.c.objc; path = EZAudioPlotGLKViewController.m; sourceTree = "<group>"; };
		5DD4FDB51AC4214700BAF31E /* EZMicrophone.h */ = {isa = PBXFileReference; fileEncoding = 4; lastKnownFileType = sourcecode.c.h; path = EZMicrophone.h; sourceTree = "<group>"; };
		5DD4FDB61AC4214700BAF31E /* EZMicrophone.m */ = {isa = PBXFileReference; fileEncoding = 4; lastKnownFileType = sourcecode.c.objc; path = EZMicrophone.m; sourceTree = "<group>"; };
		5DD4FDB71AC4214700BAF31E /* EZOutput.h */ = {isa = PBXFileReference; fileEncoding = 4; lastKnownFileType = sourcecode.c.h; path = EZOutput.h; sourceTree = "<group>"; };
		5DD4FDB81AC4214700BAF31E /* EZOutput.m */ = {isa = PBXFileReference; fileEncoding = 4; lastKnownFileType = sourcecode.c.objc; path = EZOutput.m; sourceTree = "<group>"; };
		5DD4FDB91AC4214700BAF31E /* EZPlot.h */ = {isa = PBXFileReference; fileEncoding = 4; lastKnownFileType = sourcecode.c.h; path = EZPlot.h; sourceTree = "<group>"; };
		5DD4FDBA1AC4214700BAF31E /* EZPlot.m */ = {isa = PBXFileReference; fileEncoding = 4; lastKnownFileType = sourcecode.c.objc; path = EZPlot.m; sourceTree = "<group>"; };
		5DD4FDBB1AC4214700BAF31E /* EZRecorder.h */ = {isa = PBXFileReference; fileEncoding = 4; lastKnownFileType = sourcecode.c.h; path = EZRecorder.h; sourceTree = "<group>"; };
		5DD4FDBC1AC4214700BAF31E /* EZRecorder.m */ = {isa = PBXFileReference; fileEncoding = 4; lastKnownFileType = sourcecode.c.objc; path = EZRecorder.m; sourceTree = "<group>"; };
		5DD4FDBD1AC4214700BAF31E /* TPCircularBuffer.c */ = {isa = PBXFileReference; fileEncoding = 4; lastKnownFileType = sourcecode.c.c; path = TPCircularBuffer.c; sourceTree = "<group>"; };
		5DD4FDBE1AC4214700BAF31E /* TPCircularBuffer.h */ = {isa = PBXFileReference; fileEncoding = 4; lastKnownFileType = sourcecode.c.h; path = TPCircularBuffer.h; sourceTree = "<group>"; };
		5DD4FDC01AC4214800BAF31E /* CHANGELOG */ = {isa = PBXFileReference; fileEncoding = 4; lastKnownFileType = text; path = CHANGELOG; sourceTree = "<group>"; };
		5DD4FDC11AC4214800BAF31E /* VERSION */ = {isa = PBXFileReference; fileEncoding = 4; lastKnownFileType = text; path = VERSION; sourceTree = "<group>"; };
		5DD4FE2C1AC4266C00BAF31E /* OpenGLES.framework */ = {isa = PBXFileReference; lastKnownFileType = wrapper.framework; name = OpenGLES.framework; path = System/Library/Frameworks/OpenGLES.framework; sourceTree = SDKROOT; };
		5DD4FE311AC464B800BAF31E /* pause_btn.png */ = {isa = PBXFileReference; lastKnownFileType = image.png; name = pause_btn.png; path = KimZhyk/Resources/images/pause_btn.png; sourceTree = "<group>"; };
		5DD4FE321AC464B800BAF31E /* play_btn.png */ = {isa = PBXFileReference; lastKnownFileType = image.png; name = play_btn.png; path = KimZhyk/Resources/images/play_btn.png; sourceTree = "<group>"; };
		5DD4FE331AC464B800BAF31E /* record_btn.png */ = {isa = PBXFileReference; lastKnownFileType = image.png; name = record_btn.png; path = KimZhyk/Resources/images/record_btn.png; sourceTree = "<group>"; };
		5DD4FE371AC4664E00BAF31E /* stop_btn.png */ = {isa = PBXFileReference; lastKnownFileType = image.png; name = stop_btn.png; path = KimZhyk/Resources/images/stop_btn.png; sourceTree = "<group>"; };
		5DD4FE391AC467B100BAF31E /* goon_btn.png */ = {isa = PBXFileReference; lastKnownFileType = image.png; name = goon_btn.png; path = KimZhyk/Resources/images/goon_btn.png; sourceTree = "<group>"; };
		63922F4B17BAC14500040730 /* Bayan_key_black_active.png */ = {isa = PBXFileReference; lastKnownFileType = image.png; name = Bayan_key_black_active.png; path = KimZhyk/Resources/images/keys/Bayan_key_black_active.png; sourceTree = "<group>"; };
		63922F4C17BAC14500040730 /* Bayan_key_black.png */ = {isa = PBXFileReference; lastKnownFileType = image.png; name = Bayan_key_black.png; path = KimZhyk/Resources/images/keys/Bayan_key_black.png; sourceTree = "<group>"; };
		63922F4D17BAC14500040730 /* Bayan_key_white_active.png */ = {isa = PBXFileReference; lastKnownFileType = image.png; name = Bayan_key_white_active.png; path = KimZhyk/Resources/images/keys/Bayan_key_white_active.png; sourceTree = "<group>"; };
		63922F4E17BAC14500040730 /* Bayan_key_white.png */ = {isa = PBXFileReference; lastKnownFileType = image.png; name = Bayan_key_white.png; path = KimZhyk/Resources/images/keys/Bayan_key_white.png; sourceTree = "<group>"; };
		63946FF417B45B2800EADDD0 /* Black_key_active.png */ = {isa = PBXFileReference; lastKnownFileType = image.png; name = Black_key_active.png; path = KimZhyk/Resources/images/keys/Black_key_active.png; sourceTree = "<group>"; };
		63946FF517B45B2800EADDD0 /* Black_key.png */ = {isa = PBXFileReference; lastKnownFileType = image.png; name = Black_key.png; path = KimZhyk/Resources/images/keys/Black_key.png; sourceTree = "<group>"; };
		63946FF617B45B2800EADDD0 /* White_key_active.png */ = {isa = PBXFileReference; lastKnownFileType = image.png; name = White_key_active.png; path = KimZhyk/Resources/images/keys/White_key_active.png; sourceTree = "<group>"; };
		63946FF717B45B2800EADDD0 /* White_key.png */ = {isa = PBXFileReference; lastKnownFileType = image.png; name = White_key.png; path = KimZhyk/Resources/images/keys/White_key.png; sourceTree = "<group>"; };
		84ABFC021A12B6BE00B6F95D /* Common.c */ = {isa = PBXFileReference; fileEncoding = 4; lastKnownFileType = sourcecode.c.c; path = Common.c; sourceTree = "<group>"; };
		84ABFC031A12B6BE00B6F95D /* Common.h */ = {isa = PBXFileReference; fileEncoding = 4; lastKnownFileType = sourcecode.c.h; path = Common.h; sourceTree = "<group>"; };
		84ABFC051A12C14E00B6F95D /* KZSound.m */ = {isa = PBXFileReference; fileEncoding = 4; lastKnownFileType = sourcecode.c.objc; name = KZSound.m; path = Sound/KZSound.m; sourceTree = "<group>"; };
		C3864CF417AD179500050EB5 /* KimZhyk.app */ = {isa = PBXFileReference; explicitFileType = wrapper.application; includeInIndex = 0; path = KimZhyk.app; sourceTree = BUILT_PRODUCTS_DIR; };
		C3864CF717AD179500050EB5 /* UIKit.framework */ = {isa = PBXFileReference; lastKnownFileType = wrapper.framework; name = UIKit.framework; path = System/Library/Frameworks/UIKit.framework; sourceTree = SDKROOT; };
		C3864CF917AD179500050EB5 /* Foundation.framework */ = {isa = PBXFileReference; lastKnownFileType = wrapper.framework; name = Foundation.framework; path = System/Library/Frameworks/Foundation.framework; sourceTree = SDKROOT; };
		C3864CFB17AD179500050EB5 /* CoreGraphics.framework */ = {isa = PBXFileReference; lastKnownFileType = wrapper.framework; name = CoreGraphics.framework; path = System/Library/Frameworks/CoreGraphics.framework; sourceTree = SDKROOT; };
		C3864CFF17AD179500050EB5 /* KimZhyk-Info.plist */ = {isa = PBXFileReference; lastKnownFileType = text.plist.xml; path = "KimZhyk-Info.plist"; sourceTree = "<group>"; };
		C3864D0117AD179500050EB5 /* en */ = {isa = PBXFileReference; lastKnownFileType = text.plist.strings; name = en; path = en.lproj/InfoPlist.strings; sourceTree = "<group>"; };
		C3864D0317AD179500050EB5 /* main.m */ = {isa = PBXFileReference; lastKnownFileType = sourcecode.c.objc; path = main.m; sourceTree = "<group>"; };
		C3864D0517AD179500050EB5 /* KimZhyk-Prefix.pch */ = {isa = PBXFileReference; lastKnownFileType = sourcecode.c.h; path = "KimZhyk-Prefix.pch"; sourceTree = "<group>"; };
		C3864D0617AD179500050EB5 /* KZAppDelegate.h */ = {isa = PBXFileReference; lastKnownFileType = sourcecode.c.h; path = KZAppDelegate.h; sourceTree = "<group>"; };
		C3864D0717AD179500050EB5 /* KZAppDelegate.m */ = {isa = PBXFileReference; lastKnownFileType = sourcecode.c.objc; path = KZAppDelegate.m; sourceTree = "<group>"; };
		C3864D0917AD179500050EB5 /* Default.png */ = {isa = PBXFileReference; lastKnownFileType = image.png; path = Default.png; sourceTree = "<group>"; };
		C3864D0B17AD179500050EB5 /* Default@2x.png */ = {isa = PBXFileReference; lastKnownFileType = image.png; path = "Default@2x.png"; sourceTree = "<group>"; };
		C3864D0D17AD179500050EB5 /* Default-568h@2x.png */ = {isa = PBXFileReference; lastKnownFileType = image.png; path = "Default-568h@2x.png"; sourceTree = "<group>"; };
		C3864D0F17AD179500050EB5 /* KZViewController.h */ = {isa = PBXFileReference; lastKnownFileType = sourcecode.c.h; path = KZViewController.h; sourceTree = "<group>"; };
		C3864D1017AD179500050EB5 /* KZViewController.m */ = {isa = PBXFileReference; lastKnownFileType = sourcecode.c.objc; path = KZViewController.m; sourceTree = "<group>"; };
		C3864D1317AD179500050EB5 /* en */ = {isa = PBXFileReference; lastKnownFileType = file.xib; name = en; path = en.lproj/KZViewController.xib; sourceTree = "<group>"; };
		C3864D3317AD1D8100050EB5 /* KZSettingsView.h */ = {isa = PBXFileReference; fileEncoding = 4; lastKnownFileType = sourcecode.c.h; name = KZSettingsView.h; path = Settings/KZSettingsView.h; sourceTree = "<group>"; };
		C3864D3417AD1D8100050EB5 /* KZSettingsView.m */ = {isa = PBXFileReference; fileEncoding = 4; lastKnownFileType = sourcecode.c.objc; name = KZSettingsView.m; path = Settings/KZSettingsView.m; sourceTree = "<group>"; };
		C3864D3B17AD221300050EB5 /* KZGlobal.h */ = {isa = PBXFileReference; lastKnownFileType = sourcecode.c.h; path = KZGlobal.h; sourceTree = "<group>"; };
		C3864D4517AD405300050EB5 /* KZSound.h */ = {isa = PBXFileReference; fileEncoding = 4; lastKnownFileType = sourcecode.c.h; name = KZSound.h; path = Sound/KZSound.h; sourceTree = "<group>"; };
		C3864D4C17AD4C1000050EB5 /* AudioToolbox.framework */ = {isa = PBXFileReference; lastKnownFileType = wrapper.framework; name = AudioToolbox.framework; path = System/Library/Frameworks/AudioToolbox.framework; sourceTree = SDKROOT; };
		C3864D4E17AD4C4B00050EB5 /* AVFoundation.framework */ = {isa = PBXFileReference; lastKnownFileType = wrapper.framework; name = AVFoundation.framework; path = System/Library/Frameworks/AVFoundation.framework; sourceTree = SDKROOT; };
		CEC377B31ABC9A4600EE0CEA /* KZStaveView.h */ = {isa = PBXFileReference; fileEncoding = 4; lastKnownFileType = sourcecode.c.h; name = KZStaveView.h; path = Utils/KZStaveView.h; sourceTree = "<group>"; };
		CEC377B41ABC9A4600EE0CEA /* KZStaveView.m */ = {isa = PBXFileReference; fileEncoding = 4; lastKnownFileType = sourcecode.c.objc; name = KZStaveView.m; path = Utils/KZStaveView.m; sourceTree = "<group>"; };
		CECDFEBB1AB05C150062ECBB /* KZRecordViewController.h */ = {isa = PBXFileReference; fileEncoding = 4; lastKnownFileType = sourcecode.c.h; path = KZRecordViewController.h; sourceTree = "<group>"; };
		CECDFEBC1AB05C150062ECBB /* KZRecordViewController.m */ = {isa = PBXFileReference; fileEncoding = 4; lastKnownFileType = sourcecode.c.objc; path = KZRecordViewController.m; sourceTree = "<group>"; };
		CECDFEBD1AB05C150062ECBB /* KZRecordViewController.xib */ = {isa = PBXFileReference; fileEncoding = 4; lastKnownFileType = file.xib; path = KZRecordViewController.xib; sourceTree = "<group>"; };
		CECDFEC01AB05E880062ECBB /* AudioUnit.framework */ = {isa = PBXFileReference; lastKnownFileType = wrapper.framework; name = AudioUnit.framework; path = System/Library/Frameworks/AudioUnit.framework; sourceTree = SDKROOT; };
		CECDFEC21AB05E9A0062ECBB /* CoreAudio.framework */ = {isa = PBXFileReference; lastKnownFileType = wrapper.framework; name = CoreAudio.framework; path = System/Library/Frameworks/CoreAudio.framework; sourceTree = SDKROOT; };
		CECDFEC41AB05EA20062ECBB /* CoreAudioKit.framework */ = {isa = PBXFileReference; lastKnownFileType = wrapper.framework; name = CoreAudioKit.framework; path = System/Library/Frameworks/CoreAudioKit.framework; sourceTree = SDKROOT; };
		CED037B61AC70CE8006D8BD5 /* KZRecordNavigationViewController.h */ = {isa = PBXFileReference; fileEncoding = 4; lastKnownFileType = sourcecode.c.h; path = KZRecordNavigationViewController.h; sourceTree = "<group>"; };
		CED037B71AC70CE8006D8BD5 /* KZRecordNavigationViewController.m */ = {isa = PBXFileReference; fileEncoding = 4; lastKnownFileType = sourcecode.c.objc; path = KZRecordNavigationViewController.m; sourceTree = "<group>"; };
		CED037B81AC70CE8006D8BD5 /* KZRecordNavigationViewController.xib */ = {isa = PBXFileReference; fileEncoding = 4; lastKnownFileType = file.xib; path = KZRecordNavigationViewController.xib; sourceTree = "<group>"; };
		CED037BB1AC719CA006D8BD5 /* KZSongsListViewController.h */ = {isa = PBXFileReference; fileEncoding = 4; lastKnownFileType = sourcecode.c.h; path = KZSongsListViewController.h; sourceTree = "<group>"; };
		CED037BC1AC719CA006D8BD5 /* KZSongsListViewController.m */ = {isa = PBXFileReference; fileEncoding = 4; lastKnownFileType = sourcecode.c.objc; path = KZSongsListViewController.m; sourceTree = "<group>"; };
		CED037BD1AC719CA006D8BD5 /* KZSongsListViewController.xib */ = {isa = PBXFileReference; fileEncoding = 4; lastKnownFileType = file.xib; path = KZSongsListViewController.xib; sourceTree = "<group>"; };
		CED037C01AC71C4F006D8BD5 /* KZAboutViewController.h */ = {isa = PBXFileReference; fileEncoding = 4; lastKnownFileType = sourcecode.c.h; path = KZAboutViewController.h; sourceTree = "<group>"; };
		CED037C11AC71C4F006D8BD5 /* KZAboutViewController.m */ = {isa = PBXFileReference; fileEncoding = 4; lastKnownFileType = sourcecode.c.objc; path = KZAboutViewController.m; sourceTree = "<group>"; };
		CED037C21AC71C4F006D8BD5 /* KZAboutViewController.xib */ = {isa = PBXFileReference; fileEncoding = 4; lastKnownFileType = file.xib; path = KZAboutViewController.xib; sourceTree = "<group>"; };
/* End PBXFileReference section */

/* Begin PBXFrameworksBuildPhase section */
		C3864CF117AD179500050EB5 /* Frameworks */ = {
			isa = PBXFrameworksBuildPhase;
			buildActionMask = 2147483647;
			files = (
				58D1C8BD1B1491BF00794C9C /* QuartzCore.framework in Frameworks */,
				5DD4FE2D1AC4266C00BAF31E /* OpenGLES.framework in Frameworks */,
				5DD4FD7B1AC409FC00BAF31E /* GLKit.framework in Frameworks */,
				C3864CF817AD179500050EB5 /* UIKit.framework in Frameworks */,
				5DCECA541AB9C9D6002CDCB1 /* CoreFoundation.framework in Frameworks */,
				5DCECA521AB9C9AB002CDCB1 /* Accelerate.framework in Frameworks */,
				CECDFEC31AB05E9A0062ECBB /* CoreAudio.framework in Frameworks */,
				C3864D4F17AD4C4C00050EB5 /* AVFoundation.framework in Frameworks */,
				C3864D4D17AD4C1000050EB5 /* AudioToolbox.framework in Frameworks */,
				C3864CFA17AD179500050EB5 /* Foundation.framework in Frameworks */,
				C3864CFC17AD179500050EB5 /* CoreGraphics.framework in Frameworks */,
			);
			runOnlyForDeploymentPostprocessing = 0;
		};
/* End PBXFrameworksBuildPhase section */

/* Begin PBXGroup section */
		58ACE40B1B0F0FBD00F1B50B /* Sounds */ = {
			isa = PBXGroup;
			children = (
				58ACE40C1B0F0FBD00F1B50B /* Tbone */,
			);
			name = Sounds;
			path = KimZhyk/Resources/Sounds;
			sourceTree = "<group>";
		};
		58ACE40C1B0F0FBD00F1B50B /* Tbone */ = {
			isa = PBXGroup;
			children = (
				58ACE40D1B0F0FBD00F1B50B /* 1a_dies.caf */,
				58ACE40E1B0F0FBD00F1B50B /* 2a_dies.caf */,
				58ACE40F1B0F0FBD00F1B50B /* 3a_dies.caf */,
				58ACE4101B0F0FBD00F1B50B /* 4g.caf */,
				58ACE4111B0F0FBD00F1B50B /* 5e.caf */,
			);
			path = Tbone;
			sourceTree = "<group>";
		};
		58E7C41C1B15D52C00EA21F7 /* aupresets */ = {
			isa = PBXGroup;
			children = (
				58E7C41D1B15D52C00EA21F7 /* accordeon.aupreset */,
				58E7C41E1B15D52C00EA21F7 /* acoustic_guitar.aupreset */,
				58E7C41F1B15D52C00EA21F7 /* cello.aupreset */,
				58E7C4201B15D52C00EA21F7 /* church_organ.aupreset */,
				58E7C4211B15D52C00EA21F7 /* flute.aupreset */,
				58E7C4221B15D52C00EA21F7 /* piano.aupreset */,
				58E7C4231B15D52C00EA21F7 /* tenor_sax.aupreset */,
				58E7C42B1B15D57400EA21F7 /* Trombone.aupreset */,
			);
			name = aupresets;
			path = KimZhyk/Resources/aupresets;
			sourceTree = "<group>";
		};
		58EF77C01B14C77700CB8469 /* Categories */ = {
			isa = PBXGroup;
			children = (
				58EF77BD1B14C59800CB8469 /* UIButton+Custom.h */,
				58EF77BE1B14C59800CB8469 /* UIButton+Custom.m */,
			);
			name = Categories;
			sourceTree = "<group>";
		};
		58EF77C11B14CBB900CB8469 /* instruments */ = {
			isa = PBXGroup;
			children = (
				58EF77C21B14CBB900CB8469 /* ACCORDEON@2x.png */,
				58EF77C31B14CBB900CB8469 /* ACCORDEON_ACTIVE@2x.png */,
				58EF77C41B14CBB900CB8469 /* ACOUSTIC_GUITAR@2x.png */,
				58EF77C51B14CBB900CB8469 /* ACOUSTIC_GUITAR_ACTIVE@2x.png */,
				58EF77C61B14CBB900CB8469 /* CELLO@2x.png */,
				58EF77C71B14CBB900CB8469 /* CELLO_ACTIVE@2x.png */,
				58EF77C81B14CBB900CB8469 /* CHURCH_ORGAN@2x.png */,
				58EF77C91B14CBB900CB8469 /* CHURCH_ORGAN_ACTIVE@2x.png */,
				58EF77CA1B14CBB900CB8469 /* ELECTRIC_GUITAR@2x.png */,
				58EF77CB1B14CBB900CB8469 /* ELECTRIC_GUITAR_ACTIVE@2x.png */,
				58EF77CC1B14CBB900CB8469 /* FLUTE@2x.png */,
				58EF77CD1B14CBB900CB8469 /* FLUTE_ACTIVE@2x.png */,
				58EF77CE1B14CBB900CB8469 /* imgInstrumActive@2x.png */,
				58EF77CF1B14CBB900CB8469 /* PIANO@2x.png */,
				58EF77D01B14CBB900CB8469 /* PIANO_ACTIVE@2x.png */,
				58EF77D11B14CBB900CB8469 /* STRING1@2x.png */,
				58EF77D21B14CBB900CB8469 /* STRING1_ACTIVE@2x.png */,
				58EF77D31B14CBB900CB8469 /* STRING2@2x.png */,
				58EF77D41B14CBB900CB8469 /* STRING2_ACTIVE@2x.png */,
				58EF77D51B14CBB900CB8469 /* TENOR_SAX@2x.png */,
				58EF77D61B14CBB900CB8469 /* TENOR_SAX_ACTIVE@2x.png */,
				58EF77D71B14CBB900CB8469 /* TRUMPET_1@2x.png */,
				58EF77D81B14CBB900CB8469 /* TRUMPET_1_ACTIVE@2x.png */,
				58EF77D91B14CBB900CB8469 /* TRUMPET_2@2x.png */,
				58EF77DA1B14CBB900CB8469 /* TRUMPET_2_ACTIVE@2x.png */,
				58EF77DB1B14CBB900CB8469 /* VIOLIN@2x.png */,
				58EF77DC1B14CBB900CB8469 /* VIOLIN_ACTIVE@2x.png */,
			);
			name = instruments;
			path = KimZhyk/Resources/images/instruments;
			sourceTree = "<group>";
		};
		58EF77FE1B14EA1700CB8469 /* PianoView */ = {
			isa = PBXGroup;
			children = (
				58D1C8C61B1491D900794C9C /* UITouch+PianoKey.h */,
				58D1C8C71B1491D900794C9C /* UITouch+PianoKey.m */,
				58D1C8BE1B1491D900794C9C /* PianoKey.h */,
				58D1C8BF1B1491D900794C9C /* PianoKey.m */,
				58D1C8C01B1491D900794C9C /* PianoKeyBlack.h */,
				58D1C8C11B1491D900794C9C /* PianoKeyBlack.m */,
				58D1C8C21B1491D900794C9C /* PianoKeyWhite.h */,
				58D1C8C31B1491D900794C9C /* PianoKeyWhite.m */,
				58D1C8C41B1491D900794C9C /* PianoView.h */,
				58D1C8C51B1491D900794C9C /* PianoView.m */,
			);
			name = PianoView;
			sourceTree = "<group>";
		};
		5DC4DFA11ABB154600C21071 /* Utils */ = {
			isa = PBXGroup;
			children = (
				58EF77FE1B14EA1700CB8469 /* PianoView */,
				5DC4DF9E1ABB153F00C21071 /* KZPianoSlider.h */,
				5DC4DF9F1ABB153F00C21071 /* KZPianoSlider.m */,
				CEC377B31ABC9A4600EE0CEA /* KZStaveView.h */,
				CEC377B41ABC9A4600EE0CEA /* KZStaveView.m */,
				5DC83D631AC980E400124BB0 /* KZTextAlert.h */,
				5DC83D641AC980E400124BB0 /* KZTextAlert.m */,
				5DC83D661AC9811300124BB0 /* KZTextAlert.xib */,
				58E7C4141B15BB3B00EA21F7 /* KZInstrumentSelectionView.h */,
				58E7C4151B15BB3B00EA21F7 /* KZInstrumentSelectionView.m */,
				58E598631B16221900A8FAD0 /* KZNoteRecorder.h */,
				58E598641B16221900A8FAD0 /* KZNoteRecorder.m */,
			);
			name = Utils;
			sourceTree = "<group>";
		};
		5DD4FDA61AC4214700BAF31E /* EZAudio */ = {
			isa = PBXGroup;
			children = (
				5DD4FDA71AC4214700BAF31E /* AEFloatConverter.h */,
				5DD4FDA81AC4214700BAF31E /* AEFloatConverter.m */,
				5DD4FDA91AC4214700BAF31E /* EZAudio.h */,
				5DD4FDAA1AC4214700BAF31E /* EZAudio.m */,
				5DD4FDAB1AC4214700BAF31E /* EZAudioFile.h */,
				5DD4FDAC1AC4214700BAF31E /* EZAudioFile.m */,
				5DD4FDAD1AC4214700BAF31E /* EZAudioPlayer.h */,
				5DD4FDAE1AC4214700BAF31E /* EZAudioPlayer.m */,
				5DD4FDAF1AC4214700BAF31E /* EZAudioPlot.h */,
				5DD4FDB01AC4214700BAF31E /* EZAudioPlot.m */,
				5DD4FDB11AC4214700BAF31E /* EZAudioPlotGL.h */,
				5DD4FDB21AC4214700BAF31E /* EZAudioPlotGL.m */,
				5DD4FDB31AC4214700BAF31E /* EZAudioPlotGLKViewController.h */,
				5DD4FDB41AC4214700BAF31E /* EZAudioPlotGLKViewController.m */,
				5DD4FDB51AC4214700BAF31E /* EZMicrophone.h */,
				5DD4FDB61AC4214700BAF31E /* EZMicrophone.m */,
				5DD4FDB71AC4214700BAF31E /* EZOutput.h */,
				5DD4FDB81AC4214700BAF31E /* EZOutput.m */,
				5DD4FDB91AC4214700BAF31E /* EZPlot.h */,
				5DD4FDBA1AC4214700BAF31E /* EZPlot.m */,
				5DD4FDBB1AC4214700BAF31E /* EZRecorder.h */,
				5DD4FDBC1AC4214700BAF31E /* EZRecorder.m */,
				5DD4FDBD1AC4214700BAF31E /* TPCircularBuffer.c */,
				5DD4FDBE1AC4214700BAF31E /* TPCircularBuffer.h */,
				5DD4FDBF1AC4214800BAF31E /* VERSION */,
			);
			path = EZAudio;
			sourceTree = "<group>";
		};
		5DD4FDBF1AC4214800BAF31E /* VERSION */ = {
			isa = PBXGroup;
			children = (
				5DD4FDC01AC4214800BAF31E /* CHANGELOG */,
				5DD4FDC11AC4214800BAF31E /* VERSION */,
			);
			path = VERSION;
			sourceTree = "<group>";
		};
		638FE8B917B43D43009212D9 /* Resource */ = {
			isa = PBXGroup;
			children = (
				58E7C41C1B15D52C00EA21F7 /* aupresets */,
				58ACE40B1B0F0FBD00F1B50B /* Sounds */,
				638FE8BA17B43DAC009212D9 /* Images */,
			);
			name = Resource;
			sourceTree = "<group>";
		};
		638FE8BA17B43DAC009212D9 /* Images */ = {
			isa = PBXGroup;
			children = (
				58EF77C11B14CBB900CB8469 /* instruments */,
				5DD4FE391AC467B100BAF31E /* goon_btn.png */,
				5DD4FE311AC464B800BAF31E /* pause_btn.png */,
				5DD4FE321AC464B800BAF31E /* play_btn.png */,
				5DD4FE331AC464B800BAF31E /* record_btn.png */,
				5DD4FE371AC4664E00BAF31E /* stop_btn.png */,
				638FE8BB17B43DC6009212D9 /* keys */,
			);
			name = Images;
			sourceTree = "<group>";
		};
		638FE8BB17B43DC6009212D9 /* keys */ = {
			isa = PBXGroup;
			children = (
				63922F4B17BAC14500040730 /* Bayan_key_black_active.png */,
				63922F4C17BAC14500040730 /* Bayan_key_black.png */,
				63922F4D17BAC14500040730 /* Bayan_key_white_active.png */,
				63922F4E17BAC14500040730 /* Bayan_key_white.png */,
				63946FF417B45B2800EADDD0 /* Black_key_active.png */,
				63946FF517B45B2800EADDD0 /* Black_key.png */,
				63946FF617B45B2800EADDD0 /* White_key_active.png */,
				63946FF717B45B2800EADDD0 /* White_key.png */,
			);
			name = keys;
			sourceTree = "<group>";
		};
		C3864CEB17AD179500050EB5 = {
			isa = PBXGroup;
			children = (
				C3864CFD17AD179500050EB5 /* KimZhyk */,
				638FE8B917B43D43009212D9 /* Resource */,
				C3864CF617AD179500050EB5 /* Frameworks */,
				C3864CF517AD179500050EB5 /* Products */,
			);
			sourceTree = "<group>";
		};
		C3864CF517AD179500050EB5 /* Products */ = {
			isa = PBXGroup;
			children = (
				C3864CF417AD179500050EB5 /* KimZhyk.app */,
			);
			name = Products;
			sourceTree = "<group>";
		};
		C3864CF617AD179500050EB5 /* Frameworks */ = {
			isa = PBXGroup;
			children = (
				58D1C8BC1B1491BF00794C9C /* QuartzCore.framework */,
				5DD4FE2C1AC4266C00BAF31E /* OpenGLES.framework */,
				5DD4FD7A1AC409FC00BAF31E /* GLKit.framework */,
				5DCECA531AB9C9D6002CDCB1 /* CoreFoundation.framework */,
				5DCECA511AB9C9AB002CDCB1 /* Accelerate.framework */,
				CECDFEC41AB05EA20062ECBB /* CoreAudioKit.framework */,
				CECDFEC21AB05E9A0062ECBB /* CoreAudio.framework */,
				CECDFEC01AB05E880062ECBB /* AudioUnit.framework */,
				C3864D4E17AD4C4B00050EB5 /* AVFoundation.framework */,
				C3864D4C17AD4C1000050EB5 /* AudioToolbox.framework */,
				C3864CF717AD179500050EB5 /* UIKit.framework */,
				C3864CF917AD179500050EB5 /* Foundation.framework */,
				C3864CFB17AD179500050EB5 /* CoreGraphics.framework */,
			);
			name = Frameworks;
			sourceTree = "<group>";
		};
		C3864CFD17AD179500050EB5 /* KimZhyk */ = {
			isa = PBXGroup;
			children = (
				58DAD5511B0E259B00DF31A2 /* EPSSampler.h */,
				58DAD5521B0E259B00DF31A2 /* EPSSampler.m */,
				588034D81B0248DD0033E004 /* KZWindow.h */,
				588034D91B0248DD0033E004 /* KZWindow.m */,
				588034DB1B024B1C0033E004 /* KZFilter.h */,
				588034DC1B024B1C0033E004 /* KZFilter.m */,
				58CC0C2F1B026A4100D31642 /* KZButterfly.h */,
				58CC0C301B026A4100D31642 /* KZButterfly.m */,
				58CC0C351B028CC800D31642 /* KZFFTHelper.h */,
				58CC0C361B028CC800D31642 /* KZFFTHelper.m */,
				58CC0C2C1B02691100D31642 /* KZRainbow.h */,
				58CC0C2D1B02691100D31642 /* KZRainbow.m */,
				5DD4FDA61AC4214700BAF31E /* EZAudio */,
				C3864D3B17AD221300050EB5 /* KZGlobal.h */,
				5DC4DFA11ABB154600C21071 /* Utils */,
				84ABFC031A12B6BE00B6F95D /* Common.h */,
				84ABFC021A12B6BE00B6F95D /* Common.c */,
				C3864D0617AD179500050EB5 /* KZAppDelegate.h */,
				C3864D0717AD179500050EB5 /* KZAppDelegate.m */,
				5DD4FD4D1AC3FAF700BAF31E /* KZFileManager.h */,
				5DD4FD4E1AC3FAF700BAF31E /* KZFileManager.m */,
				C3864D4817AD405700050EB5 /* Sound */,
				C3864D1A17AD17A600050EB5 /* ViewController */,
				C3864D2E17AD1C8B00050EB5 /* Keyboards */,
				C3864D3617AD1D8900050EB5 /* Settings */,
				58EF77C01B14C77700CB8469 /* Categories */,
				C3864CFE17AD179500050EB5 /* Supporting Files */,
				58EF77F81B14D37B00CB8469 /* KZInstrumentsHelper.h */,
				58EF77F91B14D37B00CB8469 /* KZInstrumentsHelper.m */,
				58EF77FB1B14E91000CB8469 /* KZDesign.h */,
				58EF77FC1B14E91000CB8469 /* KZDesign.m */,
			);
			path = KimZhyk;
			sourceTree = "<group>";
		};
		C3864CFE17AD179500050EB5 /* Supporting Files */ = {
			isa = PBXGroup;
			children = (
				C3864CFF17AD179500050EB5 /* KimZhyk-Info.plist */,
				C3864D0017AD179500050EB5 /* InfoPlist.strings */,
				C3864D0317AD179500050EB5 /* main.m */,
				C3864D0517AD179500050EB5 /* KimZhyk-Prefix.pch */,
				C3864D0917AD179500050EB5 /* Default.png */,
				C3864D0B17AD179500050EB5 /* Default@2x.png */,
				C3864D0D17AD179500050EB5 /* Default-568h@2x.png */,
			);
			name = "Supporting Files";
			sourceTree = "<group>";
		};
		C3864D1A17AD17A600050EB5 /* ViewController */ = {
			isa = PBXGroup;
			children = (
				CECDFEBB1AB05C150062ECBB /* KZRecordViewController.h */,
				CECDFEBC1AB05C150062ECBB /* KZRecordViewController.m */,
				CECDFEBD1AB05C150062ECBB /* KZRecordViewController.xib */,
				CED037B61AC70CE8006D8BD5 /* KZRecordNavigationViewController.h */,
				CED037B71AC70CE8006D8BD5 /* KZRecordNavigationViewController.m */,
				CED037B81AC70CE8006D8BD5 /* KZRecordNavigationViewController.xib */,
				C3864D0F17AD179500050EB5 /* KZViewController.h */,
				C3864D1017AD179500050EB5 /* KZViewController.m */,
				C3864D1217AD179500050EB5 /* KZViewController.xib */,
				5DC8D0C51AC570F700315372 /* KZMenuViewController.h */,
				5DC8D0C61AC570F700315372 /* KZMenuViewController.m */,
				5DC8D0C71AC570F700315372 /* KZMenuViewController.xib */,
				CED037BB1AC719CA006D8BD5 /* KZSongsListViewController.h */,
				CED037BC1AC719CA006D8BD5 /* KZSongsListViewController.m */,
				CED037BD1AC719CA006D8BD5 /* KZSongsListViewController.xib */,
				5DC8D0C11AC5433C00315372 /* KZLockView.h */,
				5DC8D0C21AC5433C00315372 /* KZLockView.m */,
				CED037C01AC71C4F006D8BD5 /* KZAboutViewController.h */,
				CED037C11AC71C4F006D8BD5 /* KZAboutViewController.m */,
				CED037C21AC71C4F006D8BD5 /* KZAboutViewController.xib */,
				5DCC83E81ACA787400A7BEFC /* KZSoundHendlingViewController.h */,
				5DCC83E91ACA787400A7BEFC /* KZSoundHendlingViewController.m */,
				5DCC83EA1ACA787400A7BEFC /* KZSoundHendlingViewController.xib */,
			);
			name = ViewController;
			sourceTree = "<group>";
		};
		C3864D2E17AD1C8B00050EB5 /* Keyboards */ = {
			isa = PBXGroup;
			children = (
				58ACE4511B0F2C7300F1B50B /* KZKeyboardManager.h */,
				58ACE4521B0F2C7300F1B50B /* KZKeyboardManager.m */,
			);
			name = Keyboards;
			sourceTree = "<group>";
		};
		C3864D3617AD1D8900050EB5 /* Settings */ = {
			isa = PBXGroup;
			children = (
				C3864D3317AD1D8100050EB5 /* KZSettingsView.h */,
				C3864D3417AD1D8100050EB5 /* KZSettingsView.m */,
				5DC4DF9B1ABAB8F300C21071 /* KZSettingsView.xib */,
			);
			name = Settings;
			sourceTree = "<group>";
		};
		C3864D4817AD405700050EB5 /* Sound */ = {
			isa = PBXGroup;
			children = (
				C3864D4517AD405300050EB5 /* KZSound.h */,
				84ABFC051A12C14E00B6F95D /* KZSound.m */,
			);
			name = Sound;
			sourceTree = "<group>";
		};
/* End PBXGroup section */

/* Begin PBXNativeTarget section */
		C3864CF317AD179500050EB5 /* KimZhyk */ = {
			isa = PBXNativeTarget;
			buildConfigurationList = C3864D1717AD179500050EB5 /* Build configuration list for PBXNativeTarget "KimZhyk" */;
			buildPhases = (
				C3864CF017AD179500050EB5 /* Sources */,
				C3864CF117AD179500050EB5 /* Frameworks */,
				C3864CF217AD179500050EB5 /* Resources */,
			);
			buildRules = (
			);
			dependencies = (
			);
			name = KimZhyk;
			productName = KimZhyk;
			productReference = C3864CF417AD179500050EB5 /* KimZhyk.app */;
			productType = "com.apple.product-type.application";
		};
/* End PBXNativeTarget section */

/* Begin PBXProject section */
		C3864CEC17AD179500050EB5 /* Project object */ = {
			isa = PBXProject;
			attributes = {
				CLASSPREFIX = KZ;
				LastUpgradeCheck = 0460;
				ORGANIZATIONNAME = HostelDevelopers;
				TargetAttributes = {
					C3864CF317AD179500050EB5 = {
						DevelopmentTeam = UYNA956A2N;
					};
				};
			};
			buildConfigurationList = C3864CEF17AD179500050EB5 /* Build configuration list for PBXProject "KimZhyk" */;
			compatibilityVersion = "Xcode 3.2";
			developmentRegion = English;
			hasScannedForEncodings = 0;
			knownRegions = (
				en,
			);
			mainGroup = C3864CEB17AD179500050EB5;
			productRefGroup = C3864CF517AD179500050EB5 /* Products */;
			projectDirPath = "";
			projectRoot = "";
			targets = (
				C3864CF317AD179500050EB5 /* KimZhyk */,
			);
		};
/* End PBXProject section */

/* Begin PBXResourcesBuildPhase section */
		C3864CF217AD179500050EB5 /* Resources */ = {
			isa = PBXResourcesBuildPhase;
			buildActionMask = 2147483647;
			files = (
				5DD4FE341AC464B800BAF31E /* pause_btn.png in Resources */,
				C3864D0217AD179500050EB5 /* InfoPlist.strings in Resources */,
				58E7C4291B15D52C00EA21F7 /* piano.aupreset in Resources */,
				58EF77F11B14CBB900CB8469 /* TENOR_SAX_ACTIVE@2x.png in Resources */,
				5DD4FE351AC464B800BAF31E /* play_btn.png in Resources */,
				58EF77DD1B14CBB900CB8469 /* ACCORDEON@2x.png in Resources */,
				58EF77DE1B14CBB900CB8469 /* ACCORDEON_ACTIVE@2x.png in Resources */,
				58EF77F31B14CBB900CB8469 /* TRUMPET_1_ACTIVE@2x.png in Resources */,
				C3864D0A17AD179500050EB5 /* Default.png in Resources */,
				58EF77EC1B14CBB900CB8469 /* STRING1@2x.png in Resources */,
				58EF77EA1B14CBB900CB8469 /* PIANO@2x.png in Resources */,
				CECDFEBF1AB05C150062ECBB /* KZRecordViewController.xib in Resources */,
				5DD4FE3A1AC467B100BAF31E /* goon_btn.png in Resources */,
				5DC4DF9C1ABAB8F300C21071 /* KZSettingsView.xib in Resources */,
				5DC8D0C91AC570F700315372 /* KZMenuViewController.xib in Resources */,
				CED037BF1AC719CA006D8BD5 /* KZSongsListViewController.xib in Resources */,
				58E7C4281B15D52C00EA21F7 /* flute.aupreset in Resources */,
				58EF77F71B14CBB900CB8469 /* VIOLIN_ACTIVE@2x.png in Resources */,
				C3864D0C17AD179500050EB5 /* Default@2x.png in Resources */,
				58EF77E81B14CBB900CB8469 /* FLUTE_ACTIVE@2x.png in Resources */,
				58EF77EE1B14CBB900CB8469 /* STRING2@2x.png in Resources */,
				5DD4FE381AC4664E00BAF31E /* stop_btn.png in Resources */,
				C3864D0E17AD179500050EB5 /* Default-568h@2x.png in Resources */,
				58EF77F61B14CBB900CB8469 /* VIOLIN@2x.png in Resources */,
				58EF77E61B14CBB900CB8469 /* ELECTRIC_GUITAR_ACTIVE@2x.png in Resources */,
				C3864D1417AD179500050EB5 /* KZViewController.xib in Resources */,
				58EF77E21B14CBB900CB8469 /* CELLO_ACTIVE@2x.png in Resources */,
				5DD4FDCF1AC4214800BAF31E /* VERSION in Resources */,
				58EF77E71B14CBB900CB8469 /* FLUTE@2x.png in Resources */,
				58ACE4181B0F0FBD00F1B50B /* 5e.caf in Resources */,
				58EF77F01B14CBB900CB8469 /* TENOR_SAX@2x.png in Resources */,
				CED037BA1AC70CE8006D8BD5 /* KZRecordNavigationViewController.xib in Resources */,
				58EF77ED1B14CBB900CB8469 /* STRING1_ACTIVE@2x.png in Resources */,
				58E7C4271B15D52C00EA21F7 /* church_organ.aupreset in Resources */,
				58EF77F21B14CBB900CB8469 /* TRUMPET_1@2x.png in Resources */,
				63946FFA17B45B2800EADDD0 /* Black_key_active.png in Resources */,
				58EF77EF1B14CBB900CB8469 /* STRING2_ACTIVE@2x.png in Resources */,
				63946FFB17B45B2800EADDD0 /* Black_key.png in Resources */,
				63946FFC17B45B2800EADDD0 /* White_key_active.png in Resources */,
				58ACE4141B0F0FBD00F1B50B /* 1a_dies.caf in Resources */,
				58E7C42A1B15D52C00EA21F7 /* tenor_sax.aupreset in Resources */,
				58E7C4261B15D52C00EA21F7 /* cello.aupreset in Resources */,
				58E7C42C1B15D57400EA21F7 /* Trombone.aupreset in Resources */,
				58EF77E01B14CBB900CB8469 /* ACOUSTIC_GUITAR_ACTIVE@2x.png in Resources */,
				58EF77E11B14CBB900CB8469 /* CELLO@2x.png in Resources */,
				58ACE4161B0F0FBD00F1B50B /* 3a_dies.caf in Resources */,
				58EF77E31B14CBB900CB8469 /* CHURCH_ORGAN@2x.png in Resources */,
				58EF77E91B14CBB900CB8469 /* imgInstrumActive@2x.png in Resources */,
				58ACE4151B0F0FBD00F1B50B /* 2a_dies.caf in Resources */,
				58EF77DF1B14CBB900CB8469 /* ACOUSTIC_GUITAR@2x.png in Resources */,
				63946FFD17B45B2800EADDD0 /* White_key.png in Resources */,
				63922F4F17BAC14500040730 /* Bayan_key_black_active.png in Resources */,
				5DCC83EC1ACA787400A7BEFC /* KZSoundHendlingViewController.xib in Resources */,
				58E7C4241B15D52C00EA21F7 /* accordeon.aupreset in Resources */,
				58EF77E41B14CBB900CB8469 /* CHURCH_ORGAN_ACTIVE@2x.png in Resources */,
				63922F5017BAC14500040730 /* Bayan_key_black.png in Resources */,
				58EF77EB1B14CBB900CB8469 /* PIANO_ACTIVE@2x.png in Resources */,
				58EF77F51B14CBB900CB8469 /* TRUMPET_2_ACTIVE@2x.png in Resources */,
				5DD4FDCE1AC4214800BAF31E /* CHANGELOG in Resources */,
				5DD4FE361AC464B800BAF31E /* record_btn.png in Resources */,
				58EF77E51B14CBB900CB8469 /* ELECTRIC_GUITAR@2x.png in Resources */,
				CED037C41AC71C4F006D8BD5 /* KZAboutViewController.xib in Resources */,
				58EF77F41B14CBB900CB8469 /* TRUMPET_2@2x.png in Resources */,
				5DC83D671AC9811300124BB0 /* KZTextAlert.xib in Resources */,
				63922F5117BAC14500040730 /* Bayan_key_white_active.png in Resources */,
				58E7C4251B15D52C00EA21F7 /* acoustic_guitar.aupreset in Resources */,
				63922F5217BAC14500040730 /* Bayan_key_white.png in Resources */,
				58ACE4171B0F0FBD00F1B50B /* 4g.caf in Resources */,
			);
			runOnlyForDeploymentPostprocessing = 0;
		};
/* End PBXResourcesBuildPhase section */

/* Begin PBXSourcesBuildPhase section */
		C3864CF017AD179500050EB5 /* Sources */ = {
			isa = PBXSourcesBuildPhase;
			buildActionMask = 2147483647;
			files = (
				CED037B91AC70CE8006D8BD5 /* KZRecordNavigationViewController.m in Sources */,
				5DD4FDC81AC4214800BAF31E /* EZAudioPlotGLKViewController.m in Sources */,
				C3864D0417AD179500050EB5 /* main.m in Sources */,
				C3864D0817AD179500050EB5 /* KZAppDelegate.m in Sources */,
				58D1C8CB1B1491D900794C9C /* PianoView.m in Sources */,
				5DD4FDC91AC4214800BAF31E /* EZMicrophone.m in Sources */,
				5DD4FDC71AC4214800BAF31E /* EZAudioPlotGL.m in Sources */,
				58D1C8C91B1491D900794C9C /* PianoKeyBlack.m in Sources */,
				C3864D1117AD179500050EB5 /* KZViewController.m in Sources */,
				58D1C8CC1B1491D900794C9C /* UITouch+PianoKey.m in Sources */,
				CECDFEBE1AB05C150062ECBB /* KZRecordViewController.m in Sources */,
				5DD4FDC31AC4214800BAF31E /* EZAudio.m in Sources */,
				58D1C8C81B1491D900794C9C /* PianoKey.m in Sources */,
				5DD4FDC51AC4214800BAF31E /* EZAudioPlayer.m in Sources */,
				588034DA1B0248DD0033E004 /* KZWindow.m in Sources */,
				58CC0C371B028CC800D31642 /* KZFFTHelper.m in Sources */,
				58CC0C311B026A4100D31642 /* KZButterfly.m in Sources */,
				5DC83D651AC980E400124BB0 /* KZTextAlert.m in Sources */,
				5DD4FD4F1AC3FAF700BAF31E /* KZFileManager.m in Sources */,
				5DD4FDCB1AC4214800BAF31E /* EZPlot.m in Sources */,
				5DC8D0C31AC5433C00315372 /* KZLockView.m in Sources */,
				5DD4FDC41AC4214800BAF31E /* EZAudioFile.m in Sources */,
				58EF77FD1B14E91000CB8469 /* KZDesign.m in Sources */,
				5DD4FDC61AC4214800BAF31E /* EZAudioPlot.m in Sources */,
				58E598651B16221900A8FAD0 /* KZNoteRecorder.m in Sources */,
				84ABFC041A12B6BE00B6F95D /* Common.c in Sources */,
				5DD4FDC21AC4214800BAF31E /* AEFloatConverter.m in Sources */,
				58EF77FA1B14D37B00CB8469 /* KZInstrumentsHelper.m in Sources */,
				5DC8D0C81AC570F700315372 /* KZMenuViewController.m in Sources */,
				5DCC83EB1ACA787400A7BEFC /* KZSoundHendlingViewController.m in Sources */,
				CEC377B51ABC9A4600EE0CEA /* KZStaveView.m in Sources */,
				5DD4FDCD1AC4214800BAF31E /* TPCircularBuffer.c in Sources */,
				58ACE4531B0F2C7300F1B50B /* KZKeyboardManager.m in Sources */,
				5DC4DFA01ABB153F00C21071 /* KZPianoSlider.m in Sources */,
				58E7C4161B15BB3B00EA21F7 /* KZInstrumentSelectionView.m in Sources */,
				58EF77BF1B14C59800CB8469 /* UIButton+Custom.m in Sources */,
				58CC0C2E1B02691100D31642 /* KZRainbow.m in Sources */,
				588034DD1B024B1C0033E004 /* KZFilter.m in Sources */,
				C3864D3517AD1D8100050EB5 /* KZSettingsView.m in Sources */,
				58DAD5531B0E259B00DF31A2 /* EPSSampler.m in Sources */,
				5DD4FDCC1AC4214800BAF31E /* EZRecorder.m in Sources */,
				CED037C31AC71C4F006D8BD5 /* KZAboutViewController.m in Sources */,
				58D1C8CA1B1491D900794C9C /* PianoKeyWhite.m in Sources */,
				CED037BE1AC719CA006D8BD5 /* KZSongsListViewController.m in Sources */,
				5DD4FDCA1AC4214800BAF31E /* EZOutput.m in Sources */,
				84ABFC061A12C14E00B6F95D /* KZSound.m in Sources */,
			);
			runOnlyForDeploymentPostprocessing = 0;
		};
/* End PBXSourcesBuildPhase section */

/* Begin PBXVariantGroup section */
		C3864D0017AD179500050EB5 /* InfoPlist.strings */ = {
			isa = PBXVariantGroup;
			children = (
				C3864D0117AD179500050EB5 /* en */,
			);
			name = InfoPlist.strings;
			sourceTree = "<group>";
		};
		C3864D1217AD179500050EB5 /* KZViewController.xib */ = {
			isa = PBXVariantGroup;
			children = (
				C3864D1317AD179500050EB5 /* en */,
			);
			name = KZViewController.xib;
			sourceTree = "<group>";
		};
/* End PBXVariantGroup section */

/* Begin XCBuildConfiguration section */
		C3864D1517AD179500050EB5 /* Debug */ = {
			isa = XCBuildConfiguration;
			buildSettings = {
				ALWAYS_SEARCH_USER_PATHS = NO;
				CLANG_CXX_LANGUAGE_STANDARD = "compiler-default";
				CLANG_CXX_LIBRARY = "compiler-default";
				CLANG_WARN_CONSTANT_CONVERSION = YES;
				CLANG_WARN_EMPTY_BODY = YES;
				CLANG_WARN_ENUM_CONVERSION = YES;
				CLANG_WARN_INT_CONVERSION = YES;
				CLANG_WARN__DUPLICATE_METHOD_MATCH = YES;
				CODE_SIGN_IDENTITY = "iPhone Developer: Igor Koblan (8929G5TUQF)";
				"CODE_SIGN_IDENTITY[sdk=iphoneos*]" = "iPhone Developer: Igor Koblan (8929G5TUQF)";
				COPY_PHASE_STRIP = NO;
				GCC_C_LANGUAGE_STANDARD = gnu99;
				GCC_DYNAMIC_NO_PIC = NO;
				GCC_OPTIMIZATION_LEVEL = 0;
				GCC_PREPROCESSOR_DEFINITIONS = (
					"DEBUG=1",
					"$(inherited)",
				);
				GCC_SYMBOLS_PRIVATE_EXTERN = NO;
				GCC_WARN_ABOUT_RETURN_TYPE = YES;
				GCC_WARN_UNINITIALIZED_AUTOS = YES;
				GCC_WARN_UNUSED_VARIABLE = YES;
				IPHONEOS_DEPLOYMENT_TARGET = 6.1;
				ONLY_ACTIVE_ARCH = YES;
				PROVISIONING_PROFILE = "1a7c7cd2-b771-4add-9b1a-1aabc9ed1704";
				SDKROOT = iphoneos;
			};
			name = Debug;
		};
		C3864D1617AD179500050EB5 /* Release */ = {
			isa = XCBuildConfiguration;
			buildSettings = {
				ALWAYS_SEARCH_USER_PATHS = NO;
				CLANG_CXX_LANGUAGE_STANDARD = "compiler-default";
				CLANG_CXX_LIBRARY = "compiler-default";
				CLANG_WARN_CONSTANT_CONVERSION = YES;
				CLANG_WARN_EMPTY_BODY = YES;
				CLANG_WARN_ENUM_CONVERSION = YES;
				CLANG_WARN_INT_CONVERSION = YES;
				CLANG_WARN__DUPLICATE_METHOD_MATCH = YES;
				CODE_SIGN_IDENTITY = "iPhone Developer: Igor Koblan (8929G5TUQF)";
				"CODE_SIGN_IDENTITY[sdk=iphoneos*]" = "iPhone Developer: Igor Koblan (8929G5TUQF)";
				COPY_PHASE_STRIP = YES;
				GCC_C_LANGUAGE_STANDARD = gnu99;
				GCC_WARN_ABOUT_RETURN_TYPE = YES;
				GCC_WARN_UNINITIALIZED_AUTOS = YES;
				GCC_WARN_UNUSED_VARIABLE = YES;
				IPHONEOS_DEPLOYMENT_TARGET = 6.1;
				OTHER_CFLAGS = "-DNS_BLOCK_ASSERTIONS=1";
				PROVISIONING_PROFILE = "1a7c7cd2-b771-4add-9b1a-1aabc9ed1704";
				SDKROOT = iphoneos;
				VALIDATE_PRODUCT = YES;
			};
			name = Release;
		};
		C3864D1817AD179500050EB5 /* Debug */ = {
			isa = XCBuildConfiguration;
			buildSettings = {
				CLANG_CXX_LANGUAGE_STANDARD = "compiler-default";
				CLANG_CXX_LIBRARY = "compiler-default";
				CLANG_ENABLE_OBJC_ARC = YES;
				CODE_SIGN_IDENTITY = "iPhone Developer: Igor Koblan (8929G5TUQF)";
				"CODE_SIGN_IDENTITY[sdk=iphoneos*]" = "iPhone Developer: Igor Koblan (8929G5TUQF)";
				GCC_C_LANGUAGE_STANDARD = c99;
				GCC_PRECOMPILE_PREFIX_HEADER = YES;
				GCC_PREFIX_HEADER = "KimZhyk/KimZhyk-Prefix.pch";
				INFOPLIST_FILE = "KimZhyk/KimZhyk-Info.plist";
				IPHONEOS_DEPLOYMENT_TARGET = 7.0;
				PRODUCT_NAME = "$(TARGET_NAME)";
				PROVISIONING_PROFILE = "1a7c7cd2-b771-4add-9b1a-1aabc9ed1704";
				WRAPPER_EXTENSION = app;
			};
			name = Debug;
		};
		C3864D1917AD179500050EB5 /* Release */ = {
			isa = XCBuildConfiguration;
			buildSettings = {
				CLANG_CXX_LANGUAGE_STANDARD = "compiler-default";
				CLANG_CXX_LIBRARY = "compiler-default";
				CLANG_ENABLE_OBJC_ARC = YES;
				CODE_SIGN_IDENTITY = "iPhone Developer: Igor Koblan (8929G5TUQF)";
				"CODE_SIGN_IDENTITY[sdk=iphoneos*]" = "iPhone Developer: Igor Koblan (8929G5TUQF)";
				GCC_C_LANGUAGE_STANDARD = c99;
				GCC_PRECOMPILE_PREFIX_HEADER = YES;
				GCC_PREFIX_HEADER = "KimZhyk/KimZhyk-Prefix.pch";
				INFOPLIST_FILE = "KimZhyk/KimZhyk-Info.plist";
				IPHONEOS_DEPLOYMENT_TARGET = 7.0;
				PRODUCT_NAME = "$(TARGET_NAME)";
				PROVISIONING_PROFILE = "1a7c7cd2-b771-4add-9b1a-1aabc9ed1704";
				WRAPPER_EXTENSION = app;
			};
			name = Release;
		};
/* End XCBuildConfiguration section */

/* Begin XCConfigurationList section */
		C3864CEF17AD179500050EB5 /* Build configuration list for PBXProject "KimZhyk" */ = {
			isa = XCConfigurationList;
			buildConfigurations = (
				C3864D1517AD179500050EB5 /* Debug */,
				C3864D1617AD179500050EB5 /* Release */,
			);
			defaultConfigurationIsVisible = 0;
			defaultConfigurationName = Release;
		};
		C3864D1717AD179500050EB5 /* Build configuration list for PBXNativeTarget "KimZhyk" */ = {
			isa = XCConfigurationList;
			buildConfigurations = (
				C3864D1817AD179500050EB5 /* Debug */,
				C3864D1917AD179500050EB5 /* Release */,
			);
			defaultConfigurationIsVisible = 0;
			defaultConfigurationName = Release;
		};
/* End XCConfigurationList section */
	};
	rootObject = C3864CEC17AD179500050EB5 /* Project object */;
}
